// !$*UTF8*$!
{
	archiveVersion = 1;
	classes = {
	};
	objectVersion = 46;
	objects = {

/* Begin PBXBuildFile section */
		80070C951A727E0900256E60 /* GenericStoryboard.storyboard in Resources */ = {isa = PBXBuildFile; fileRef = 80070C941A727E0900256E60 /* GenericStoryboard.storyboard */; };
		803165A917BCC8CC003C4E77 /* Localizable.strings in Resources */ = {isa = PBXBuildFile; fileRef = 803165AB17BCC8CC003C4E77 /* Localizable.strings */; };
		803165DC17BD0E6F003C4E77 /* MainStoryboard.storyboard in Resources */ = {isa = PBXBuildFile; fileRef = 803165DB17BD0E6F003C4E77 /* MainStoryboard.storyboard */; };
		80386C3319FA7FF200DDE7F6 /* arrowDISLIKE_NOTPRESSED@2x.png in Resources */ = {isa = PBXBuildFile; fileRef = 80386C2719FA7FF200DDE7F6 /* arrowDISLIKE_NOTPRESSED@2x.png */; };
		80386C3419FA7FF200DDE7F6 /* arrowDISLIKE_PRESSED@2x.png in Resources */ = {isa = PBXBuildFile; fileRef = 80386C2819FA7FF200DDE7F6 /* arrowDISLIKE_PRESSED@2x.png */; };
		80386C3519FA7FF200DDE7F6 /* arrowLIKE_NOTPRESSED@2x.png in Resources */ = {isa = PBXBuildFile; fileRef = 80386C2919FA7FF200DDE7F6 /* arrowLIKE_NOTPRESSED@2x.png */; };
		80386C3619FA7FF200DDE7F6 /* arrowLIKE_PRESSED@2x.png in Resources */ = {isa = PBXBuildFile; fileRef = 80386C2A19FA7FF200DDE7F6 /* arrowLIKE_PRESSED@2x.png */; };
		80386C3719FA7FF200DDE7F6 /* plusDISLIKE_NOTPRESSED@2x.png in Resources */ = {isa = PBXBuildFile; fileRef = 80386C2B19FA7FF200DDE7F6 /* plusDISLIKE_NOTPRESSED@2x.png */; };
		80386C3819FA7FF200DDE7F6 /* plusDISLIKE_PRESSED@2x.png in Resources */ = {isa = PBXBuildFile; fileRef = 80386C2C19FA7FF200DDE7F6 /* plusDISLIKE_PRESSED@2x.png */; };
		80386C3919FA7FF200DDE7F6 /* plusLIKE_NOTPRESSED@2x.png in Resources */ = {isa = PBXBuildFile; fileRef = 80386C2D19FA7FF200DDE7F6 /* plusLIKE_NOTPRESSED@2x.png */; };
		80386C3A19FA7FF200DDE7F6 /* plusLIKE_PRESSED@2x.png in Resources */ = {isa = PBXBuildFile; fileRef = 80386C2E19FA7FF200DDE7F6 /* plusLIKE_PRESSED@2x.png */; };
		80386C3B19FA7FF200DDE7F6 /* thumbDISLIKE_NOTPRESSED@2x.png in Resources */ = {isa = PBXBuildFile; fileRef = 80386C2F19FA7FF200DDE7F6 /* thumbDISLIKE_NOTPRESSED@2x.png */; };
		80386C3C19FA7FF200DDE7F6 /* thumbDISLIKE_PRESSED@2x.png in Resources */ = {isa = PBXBuildFile; fileRef = 80386C3019FA7FF200DDE7F6 /* thumbDISLIKE_PRESSED@2x.png */; };
		80386C3D19FA7FF200DDE7F6 /* thumbLIKE_NOTPRESSED@2x.png in Resources */ = {isa = PBXBuildFile; fileRef = 80386C3119FA7FF200DDE7F6 /* thumbLIKE_NOTPRESSED@2x.png */; };
		80386C3E19FA7FF200DDE7F6 /* thumbLIKE_PRESSED@2x.png in Resources */ = {isa = PBXBuildFile; fileRef = 80386C3219FA7FF200DDE7F6 /* thumbLIKE_PRESSED@2x.png */; };
		803EB68817EC61FE00E053EA /* SocketIO.m in Sources */ = {isa = PBXBuildFile; fileRef = 803EB67E17EC61FE00E053EA /* SocketIO.m */; };
		803EB68917EC61FE00E053EA /* SocketIOJSONSerialization.m in Sources */ = {isa = PBXBuildFile; fileRef = 803EB68017EC61FE00E053EA /* SocketIOJSONSerialization.m */; };
		803EB68A17EC61FE00E053EA /* SocketIOPacket.m in Sources */ = {isa = PBXBuildFile; fileRef = 803EB68217EC61FE00E053EA /* SocketIOPacket.m */; };
		803EB68B17EC61FE00E053EA /* SocketIOTransportWebsocket.m in Sources */ = {isa = PBXBuildFile; fileRef = 803EB68517EC61FE00E053EA /* SocketIOTransportWebsocket.m */; };
		803EB68C17EC61FE00E053EA /* SocketIOTransportXHR.m in Sources */ = {isa = PBXBuildFile; fileRef = 803EB68717EC61FE00E053EA /* SocketIOTransportXHR.m */; };
		803EB69517EDF75100E053EA /* Images.xcassets in Resources */ = {isa = PBXBuildFile; fileRef = 803EB69417EDF75100E053EA /* Images.xcassets */; };
		8048553218EF2352000979E8 /* AdSupport.framework in Frameworks */ = {isa = PBXBuildFile; fileRef = 8048553118EF2352000979E8 /* AdSupport.framework */; };
		8048553318EF240A000979E8 /* CoreData.framework in Frameworks */ = {isa = PBXBuildFile; fileRef = 80AB3D88183E73150005C603 /* CoreData.framework */; };
		8090FE6D1664FC6A005A6358 /* SpeakUpManager.m in Sources */ = {isa = PBXBuildFile; fileRef = 8090FE6B1664FC6A005A6358 /* SpeakUpManager.m */; };
		80939B88166E0D7D0079BEF0 /* MapKit.framework in Frameworks */ = {isa = PBXBuildFile; fileRef = 80939B87166E0D7D0079BEF0 /* MapKit.framework */; };
		8096A8AC1636E80C0092F049 /* UIKit.framework in Frameworks */ = {isa = PBXBuildFile; fileRef = 8096A8AB1636E80C0092F049 /* UIKit.framework */; };
		8096A8AE1636E80C0092F049 /* Foundation.framework in Frameworks */ = {isa = PBXBuildFile; fileRef = 8096A8AD1636E80C0092F049 /* Foundation.framework */; };
		8096A8B01636E80C0092F049 /* CoreGraphics.framework in Frameworks */ = {isa = PBXBuildFile; fileRef = 8096A8AF1636E80C0092F049 /* CoreGraphics.framework */; };
		8096A8B61636E80C0092F049 /* InfoPlist.strings in Resources */ = {isa = PBXBuildFile; fileRef = 8096A8B41636E80C0092F049 /* InfoPlist.strings */; };
		8096A8B81636E80C0092F049 /* main.m in Sources */ = {isa = PBXBuildFile; fileRef = 8096A8B71636E80C0092F049 /* main.m */; };
		8096A8BC1636E80C0092F049 /* AppDelegate.m in Sources */ = {isa = PBXBuildFile; fileRef = 8096A8BB1636E80C0092F049 /* AppDelegate.m */; };
		8096A8F61636E9C60092F049 /* Message.m in Sources */ = {isa = PBXBuildFile; fileRef = 8096A8D21636E9C60092F049 /* Message.m */; };
		8096A8F81636E9C60092F049 /* MessageTableViewController.m in Sources */ = {isa = PBXBuildFile; fileRef = 8096A8D71636E9C60092F049 /* MessageTableViewController.m */; };
		8096A8F91636E9C60092F049 /* NewRoomViewController.m in Sources */ = {isa = PBXBuildFile; fileRef = 8096A8D91636E9C60092F049 /* NewRoomViewController.m */; };
		8096A9011636E9C60092F049 /* Room.m in Sources */ = {isa = PBXBuildFile; fileRef = 8096A8E51636E9C60092F049 /* Room.m */; };
		8096A9031636E9C60092F049 /* RoomTableViewController.m in Sources */ = {isa = PBXBuildFile; fileRef = 8096A8EA1636E9C60092F049 /* RoomTableViewController.m */; };
		8096A9241636F37E0092F049 /* QuartzCore.framework in Frameworks */ = {isa = PBXBuildFile; fileRef = 8096A9231636F37D0092F049 /* QuartzCore.framework */; };
		8096A9261636F39C0092F049 /* CoreLocation.framework in Frameworks */ = {isa = PBXBuildFile; fileRef = 8096A9251636F39B0092F049 /* CoreLocation.framework */; };
		8096A9281636F3FD0092F049 /* MessageUI.framework in Frameworks */ = {isa = PBXBuildFile; fileRef = 8096A9271636F3FD0092F049 /* MessageUI.framework */; };
		809F781819FFCF4400BB9062 /* base64.c in Sources */ = {isa = PBXBuildFile; fileRef = 809F781119FFCF4400BB9062 /* base64.c */; };
		809F781919FFCF4400BB9062 /* NSData+SRB64Additions.m in Sources */ = {isa = PBXBuildFile; fileRef = 809F781419FFCF4400BB9062 /* NSData+SRB64Additions.m */; };
		809F781A19FFCF4400BB9062 /* SRWebSocket.m in Sources */ = {isa = PBXBuildFile; fileRef = 809F781719FFCF4400BB9062 /* SRWebSocket.m */; };
		80AB3D87183E72FB0005C603 /* libGoogleAnalyticsServices.a in Frameworks */ = {isa = PBXBuildFile; fileRef = 80AB3D86183E72FB0005C603 /* libGoogleAnalyticsServices.a */; };
		80AB3D8B183E73340005C603 /* SystemConfiguration.framework in Frameworks */ = {isa = PBXBuildFile; fileRef = 80AB3D8A183E73340005C603 /* SystemConfiguration.framework */; };
		80AB3D8D183E73490005C603 /* libz.dylib in Frameworks */ = {isa = PBXBuildFile; fileRef = 80AB3D8C183E73490005C603 /* libz.dylib */; };
		80B3A52B19F27FB600E7CB7C /* button-add1@2x.png in Resources */ = {isa = PBXBuildFile; fileRef = 80B3A51B19F27FB600E7CB7C /* button-add1@2x.png */; };
		80B3A52C19F27FB600E7CB7C /* button-back1@2x.png in Resources */ = {isa = PBXBuildFile; fileRef = 80B3A51C19F27FB600E7CB7C /* button-back1@2x.png */; };
		80B3A52D19F27FB600E7CB7C /* button-refresh@2x.png in Resources */ = {isa = PBXBuildFile; fileRef = 80B3A51D19F27FB600E7CB7C /* button-refresh@2x.png */; };
		80B5C8C6183BD6020024E946 /* iPad3Storyboard.storyboard in Resources */ = {isa = PBXBuildFile; fileRef = 80B5C8C5183BD6020024E946 /* iPad3Storyboard.storyboard */; };
		80B6B18519F54490006D10B1 /* EtiquetteViewController.m in Sources */ = {isa = PBXBuildFile; fileRef = 80B6B18419F54490006D10B1 /* EtiquetteViewController.m */; };
		80C6626419F153F1003E1268 /* libAdIdAccess.a in Frameworks */ = {isa = PBXBuildFile; fileRef = 80C6626319F153F1003E1268 /* libAdIdAccess.a */; };
		80FB4C4717251F460004965A /* CFNetwork.framework in Frameworks */ = {isa = PBXBuildFile; fileRef = 80FB4C4617251F460004965A /* CFNetwork.framework */; };
		80FB4C4917251F540004965A /* libicucore.dylib in Frameworks */ = {isa = PBXBuildFile; fileRef = 80FB4C4817251F540004965A /* libicucore.dylib */; };
		80FB4C4B17251F5D0004965A /* Security.framework in Frameworks */ = {isa = PBXBuildFile; fileRef = 80FB4C4A17251F5D0004965A /* Security.framework */; };
/* End PBXBuildFile section */

/* Begin PBXFileReference section */
		80070C941A727E0900256E60 /* GenericStoryboard.storyboard */ = {isa = PBXFileReference; fileEncoding = 4; lastKnownFileType = file.storyboard; path = GenericStoryboard.storyboard; sourceTree = "<group>"; };
		802F98AD17F4D828003AB861 /* ja */ = {isa = PBXFileReference; lastKnownFileType = text.plist.strings; name = ja; path = ja.lproj/Localizable.strings; sourceTree = "<group>"; };
		802F98AE17F4D828003AB861 /* ja */ = {isa = PBXFileReference; lastKnownFileType = text.plist.strings; name = ja; path = ja.lproj/InfoPlist.strings; sourceTree = "<group>"; };
		803165AA17BCC8CC003C4E77 /* en */ = {isa = PBXFileReference; lastKnownFileType = text.plist.strings; name = en; path = en.lproj/Localizable.strings; sourceTree = "<group>"; };
		803165D517BCD550003C4E77 /* fr */ = {isa = PBXFileReference; lastKnownFileType = text.plist.strings; name = fr; path = fr.lproj/Localizable.strings; sourceTree = "<group>"; };
		803165DB17BD0E6F003C4E77 /* MainStoryboard.storyboard */ = {isa = PBXFileReference; fileEncoding = 4; lastKnownFileType = file.storyboard; path = MainStoryboard.storyboard; sourceTree = "<group>"; };
		80386C2719FA7FF200DDE7F6 /* arrowDISLIKE_NOTPRESSED@2x.png */ = {isa = PBXFileReference; lastKnownFileType = image.png; path = "arrowDISLIKE_NOTPRESSED@2x.png"; sourceTree = "<group>"; };
		80386C2819FA7FF200DDE7F6 /* arrowDISLIKE_PRESSED@2x.png */ = {isa = PBXFileReference; lastKnownFileType = image.png; path = "arrowDISLIKE_PRESSED@2x.png"; sourceTree = "<group>"; };
		80386C2919FA7FF200DDE7F6 /* arrowLIKE_NOTPRESSED@2x.png */ = {isa = PBXFileReference; lastKnownFileType = image.png; path = "arrowLIKE_NOTPRESSED@2x.png"; sourceTree = "<group>"; };
		80386C2A19FA7FF200DDE7F6 /* arrowLIKE_PRESSED@2x.png */ = {isa = PBXFileReference; lastKnownFileType = image.png; path = "arrowLIKE_PRESSED@2x.png"; sourceTree = "<group>"; };
		80386C2B19FA7FF200DDE7F6 /* plusDISLIKE_NOTPRESSED@2x.png */ = {isa = PBXFileReference; lastKnownFileType = image.png; path = "plusDISLIKE_NOTPRESSED@2x.png"; sourceTree = "<group>"; };
		80386C2C19FA7FF200DDE7F6 /* plusDISLIKE_PRESSED@2x.png */ = {isa = PBXFileReference; lastKnownFileType = image.png; path = "plusDISLIKE_PRESSED@2x.png"; sourceTree = "<group>"; };
		80386C2D19FA7FF200DDE7F6 /* plusLIKE_NOTPRESSED@2x.png */ = {isa = PBXFileReference; lastKnownFileType = image.png; path = "plusLIKE_NOTPRESSED@2x.png"; sourceTree = "<group>"; };
		80386C2E19FA7FF200DDE7F6 /* plusLIKE_PRESSED@2x.png */ = {isa = PBXFileReference; lastKnownFileType = image.png; path = "plusLIKE_PRESSED@2x.png"; sourceTree = "<group>"; };
		80386C2F19FA7FF200DDE7F6 /* thumbDISLIKE_NOTPRESSED@2x.png */ = {isa = PBXFileReference; lastKnownFileType = image.png; path = "thumbDISLIKE_NOTPRESSED@2x.png"; sourceTree = "<group>"; };
		80386C3019FA7FF200DDE7F6 /* thumbDISLIKE_PRESSED@2x.png */ = {isa = PBXFileReference; lastKnownFileType = image.png; path = "thumbDISLIKE_PRESSED@2x.png"; sourceTree = "<group>"; };
		80386C3119FA7FF200DDE7F6 /* thumbLIKE_NOTPRESSED@2x.png */ = {isa = PBXFileReference; lastKnownFileType = image.png; path = "thumbLIKE_NOTPRESSED@2x.png"; sourceTree = "<group>"; };
		80386C3219FA7FF200DDE7F6 /* thumbLIKE_PRESSED@2x.png */ = {isa = PBXFileReference; lastKnownFileType = image.png; path = "thumbLIKE_PRESSED@2x.png"; sourceTree = "<group>"; };
		803EB67D17EC61FE00E053EA /* SocketIO.h */ = {isa = PBXFileReference; fileEncoding = 4; lastKnownFileType = sourcecode.c.h; name = SocketIO.h; path = SocketIO/SocketIO.h; sourceTree = "<group>"; };
		803EB67E17EC61FE00E053EA /* SocketIO.m */ = {isa = PBXFileReference; fileEncoding = 4; lastKnownFileType = sourcecode.c.objc; name = SocketIO.m; path = SocketIO/SocketIO.m; sourceTree = "<group>"; };
		803EB67F17EC61FE00E053EA /* SocketIOJSONSerialization.h */ = {isa = PBXFileReference; fileEncoding = 4; lastKnownFileType = sourcecode.c.h; name = SocketIOJSONSerialization.h; path = SocketIO/SocketIOJSONSerialization.h; sourceTree = "<group>"; };
		803EB68017EC61FE00E053EA /* SocketIOJSONSerialization.m */ = {isa = PBXFileReference; fileEncoding = 4; lastKnownFileType = sourcecode.c.objc; name = SocketIOJSONSerialization.m; path = SocketIO/SocketIOJSONSerialization.m; sourceTree = "<group>"; };
		803EB68117EC61FE00E053EA /* SocketIOPacket.h */ = {isa = PBXFileReference; fileEncoding = 4; lastKnownFileType = sourcecode.c.h; name = SocketIOPacket.h; path = SocketIO/SocketIOPacket.h; sourceTree = "<group>"; };
		803EB68217EC61FE00E053EA /* SocketIOPacket.m */ = {isa = PBXFileReference; fileEncoding = 4; lastKnownFileType = sourcecode.c.objc; name = SocketIOPacket.m; path = SocketIO/SocketIOPacket.m; sourceTree = "<group>"; };
		803EB68317EC61FE00E053EA /* SocketIOTransport.h */ = {isa = PBXFileReference; fileEncoding = 4; lastKnownFileType = sourcecode.c.h; name = SocketIOTransport.h; path = SocketIO/SocketIOTransport.h; sourceTree = "<group>"; };
		803EB68417EC61FE00E053EA /* SocketIOTransportWebsocket.h */ = {isa = PBXFileReference; fileEncoding = 4; lastKnownFileType = sourcecode.c.h; name = SocketIOTransportWebsocket.h; path = SocketIO/SocketIOTransportWebsocket.h; sourceTree = "<group>"; };
		803EB68517EC61FE00E053EA /* SocketIOTransportWebsocket.m */ = {isa = PBXFileReference; fileEncoding = 4; lastKnownFileType = sourcecode.c.objc; name = SocketIOTransportWebsocket.m; path = SocketIO/SocketIOTransportWebsocket.m; sourceTree = "<group>"; };
		803EB68617EC61FE00E053EA /* SocketIOTransportXHR.h */ = {isa = PBXFileReference; fileEncoding = 4; lastKnownFileType = sourcecode.c.h; name = SocketIOTransportXHR.h; path = SocketIO/SocketIOTransportXHR.h; sourceTree = "<group>"; };
		803EB68717EC61FE00E053EA /* SocketIOTransportXHR.m */ = {isa = PBXFileReference; fileEncoding = 4; lastKnownFileType = sourcecode.c.objc; name = SocketIOTransportXHR.m; path = SocketIO/SocketIOTransportXHR.m; sourceTree = "<group>"; };
		803EB68D17EC768900E053EA /* uk */ = {isa = PBXFileReference; lastKnownFileType = text.plist.strings; name = uk; path = uk.lproj/Localizable.strings; sourceTree = "<group>"; };
		803EB68E17EC768900E053EA /* uk */ = {isa = PBXFileReference; lastKnownFileType = text.plist.strings; name = uk; path = uk.lproj/InfoPlist.strings; sourceTree = "<group>"; };
		803EB68F17EC769A00E053EA /* zh-Hans */ = {isa = PBXFileReference; lastKnownFileType = text.plist.strings; name = "zh-Hans"; path = "zh-Hans.lproj/Localizable.strings"; sourceTree = "<group>"; };
		803EB69017EC769A00E053EA /* zh-Hans */ = {isa = PBXFileReference; lastKnownFileType = text.plist.strings; name = "zh-Hans"; path = "zh-Hans.lproj/InfoPlist.strings"; sourceTree = "<group>"; };
		803EB69317EDED7700E053EA /* de */ = {isa = PBXFileReference; lastKnownFileType = text.plist.strings; name = de; path = de.lproj/Localizable.strings; sourceTree = "<group>"; };
		803EB69417EDF75100E053EA /* Images.xcassets */ = {isa = PBXFileReference; lastKnownFileType = folder.assetcatalog; path = Images.xcassets; sourceTree = "<group>"; };
		803EB69617EEEC3300E053EA /* ru */ = {isa = PBXFileReference; lastKnownFileType = text.plist.strings; name = ru; path = ru.lproj/Localizable.strings; sourceTree = "<group>"; };
		803EB69717EEEC3300E053EA /* ru */ = {isa = PBXFileReference; lastKnownFileType = text.plist.strings; name = ru; path = ru.lproj/InfoPlist.strings; sourceTree = "<group>"; };
		803EB69C17F091C200E053EA /* ko */ = {isa = PBXFileReference; lastKnownFileType = text.plist.strings; name = ko; path = ko.lproj/Localizable.strings; sourceTree = "<group>"; };
		803EB69D17F091C200E053EA /* ko */ = {isa = PBXFileReference; lastKnownFileType = text.plist.strings; name = ko; path = ko.lproj/InfoPlist.strings; sourceTree = "<group>"; };
		8048553118EF2352000979E8 /* AdSupport.framework */ = {isa = PBXFileReference; lastKnownFileType = wrapper.framework; name = AdSupport.framework; path = System/Library/Frameworks/AdSupport.framework; sourceTree = SDKROOT; };
		806F490D1808448900BFBC91 /* es */ = {isa = PBXFileReference; lastKnownFileType = text.plist.strings; name = es; path = es.lproj/Localizable.strings; sourceTree = "<group>"; };
		806F490E1808448900BFBC91 /* es */ = {isa = PBXFileReference; lastKnownFileType = text.plist.strings; name = es; path = es.lproj/InfoPlist.strings; sourceTree = "<group>"; };
		8090FE6A1664FC6A005A6358 /* SpeakUpManager.h */ = {isa = PBXFileReference; fileEncoding = 4; lastKnownFileType = sourcecode.c.h; path = SpeakUpManager.h; sourceTree = "<group>"; };
		8090FE6B1664FC6A005A6358 /* SpeakUpManager.m */ = {isa = PBXFileReference; fileEncoding = 4; lastKnownFileType = sourcecode.c.objc; path = SpeakUpManager.m; sourceTree = "<group>"; };
		8090FE6C1664FC6A005A6358 /* SpeakUpManagerDelegate.h */ = {isa = PBXFileReference; fileEncoding = 4; lastKnownFileType = sourcecode.c.h; path = SpeakUpManagerDelegate.h; sourceTree = "<group>"; };
		80939B87166E0D7D0079BEF0 /* MapKit.framework */ = {isa = PBXFileReference; lastKnownFileType = wrapper.framework; name = MapKit.framework; path = System/Library/Frameworks/MapKit.framework; sourceTree = SDKROOT; };
		8096A8A71636E80C0092F049 /* SpeakUp.app */ = {isa = PBXFileReference; explicitFileType = wrapper.application; includeInIndex = 0; path = SpeakUp.app; sourceTree = BUILT_PRODUCTS_DIR; };
		8096A8AB1636E80C0092F049 /* UIKit.framework */ = {isa = PBXFileReference; lastKnownFileType = wrapper.framework; name = UIKit.framework; path = System/Library/Frameworks/UIKit.framework; sourceTree = SDKROOT; };
		8096A8AD1636E80C0092F049 /* Foundation.framework */ = {isa = PBXFileReference; lastKnownFileType = wrapper.framework; name = Foundation.framework; path = System/Library/Frameworks/Foundation.framework; sourceTree = SDKROOT; };
		8096A8AF1636E80C0092F049 /* CoreGraphics.framework */ = {isa = PBXFileReference; lastKnownFileType = wrapper.framework; name = CoreGraphics.framework; path = System/Library/Frameworks/CoreGraphics.framework; sourceTree = SDKROOT; };
		8096A8B31636E80C0092F049 /* SpeakUp-Info.plist */ = {isa = PBXFileReference; lastKnownFileType = text.plist.xml; path = "SpeakUp-Info.plist"; sourceTree = "<group>"; };
		8096A8B51636E80C0092F049 /* en */ = {isa = PBXFileReference; lastKnownFileType = text.plist.strings; name = en; path = en.lproj/InfoPlist.strings; sourceTree = "<group>"; };
		8096A8B71636E80C0092F049 /* main.m */ = {isa = PBXFileReference; lastKnownFileType = sourcecode.c.objc; path = main.m; sourceTree = "<group>"; };
		8096A8B91636E80C0092F049 /* SpeakUp-Prefix.pch */ = {isa = PBXFileReference; lastKnownFileType = sourcecode.c.h; path = "SpeakUp-Prefix.pch"; sourceTree = "<group>"; };
		8096A8BA1636E80C0092F049 /* AppDelegate.h */ = {isa = PBXFileReference; lastKnownFileType = sourcecode.c.h; path = AppDelegate.h; sourceTree = "<group>"; };
		8096A8BB1636E80C0092F049 /* AppDelegate.m */ = {isa = PBXFileReference; lastKnownFileType = sourcecode.c.objc; path = AppDelegate.m; sourceTree = "<group>"; };
		8096A8D11636E9C60092F049 /* Message.h */ = {isa = PBXFileReference; fileEncoding = 4; lastKnownFileType = sourcecode.c.h; path = Message.h; sourceTree = "<group>"; };
		8096A8D21636E9C60092F049 /* Message.m */ = {isa = PBXFileReference; fileEncoding = 4; lastKnownFileType = sourcecode.c.objc; path = Message.m; sourceTree = "<group>"; };
		8096A8D51636E9C60092F049 /* MessageManagerDelegate.h */ = {isa = PBXFileReference; fileEncoding = 4; lastKnownFileType = sourcecode.c.h; path = MessageManagerDelegate.h; sourceTree = "<group>"; };
		8096A8D61636E9C60092F049 /* MessageTableViewController.h */ = {isa = PBXFileReference; fileEncoding = 4; lastKnownFileType = sourcecode.c.h; path = MessageTableViewController.h; sourceTree = "<group>"; };
		8096A8D71636E9C60092F049 /* MessageTableViewController.m */ = {isa = PBXFileReference; fileEncoding = 4; lastKnownFileType = sourcecode.c.objc; path = MessageTableViewController.m; sourceTree = "<group>"; };
		8096A8D81636E9C60092F049 /* NewRoomViewController.h */ = {isa = PBXFileReference; fileEncoding = 4; lastKnownFileType = sourcecode.c.h; path = NewRoomViewController.h; sourceTree = "<group>"; };
		8096A8D91636E9C60092F049 /* NewRoomViewController.m */ = {isa = PBXFileReference; fileEncoding = 4; lastKnownFileType = sourcecode.c.objc; path = NewRoomViewController.m; sourceTree = "<group>"; };
		8096A8E11636E9C60092F049 /* PeerManagerDelegate.h */ = {isa = PBXFileReference; fileEncoding = 4; lastKnownFileType = sourcecode.c.h; path = PeerManagerDelegate.h; sourceTree = "<group>"; };
		8096A8E41636E9C60092F049 /* Room.h */ = {isa = PBXFileReference; fileEncoding = 4; lastKnownFileType = sourcecode.c.h; path = Room.h; sourceTree = "<group>"; };
		8096A8E51636E9C60092F049 /* Room.m */ = {isa = PBXFileReference; fileEncoding = 4; lastKnownFileType = sourcecode.c.objc; path = Room.m; sourceTree = "<group>"; };
		8096A8E81636E9C60092F049 /* RoomManagerDelegate.h */ = {isa = PBXFileReference; fileEncoding = 4; lastKnownFileType = sourcecode.c.h; path = RoomManagerDelegate.h; sourceTree = "<group>"; };
		8096A8E91636E9C60092F049 /* RoomTableViewController.h */ = {isa = PBXFileReference; fileEncoding = 4; lastKnownFileType = sourcecode.c.h; path = RoomTableViewController.h; sourceTree = "<group>"; };
		8096A8EA1636E9C60092F049 /* RoomTableViewController.m */ = {isa = PBXFileReference; fileEncoding = 4; lastKnownFileType = sourcecode.c.objc; path = RoomTableViewController.m; sourceTree = "<group>"; };
		8096A9231636F37D0092F049 /* QuartzCore.framework */ = {isa = PBXFileReference; lastKnownFileType = wrapper.framework; name = QuartzCore.framework; path = System/Library/Frameworks/QuartzCore.framework; sourceTree = SDKROOT; };
		8096A9251636F39B0092F049 /* CoreLocation.framework */ = {isa = PBXFileReference; lastKnownFileType = wrapper.framework; name = CoreLocation.framework; path = System/Library/Frameworks/CoreLocation.framework; sourceTree = SDKROOT; };
		8096A9271636F3FD0092F049 /* MessageUI.framework */ = {isa = PBXFileReference; lastKnownFileType = wrapper.framework; name = MessageUI.framework; path = System/Library/Frameworks/MessageUI.framework; sourceTree = SDKROOT; };
		809A5D6417F16C8B004B996C /* zh-Hant */ = {isa = PBXFileReference; lastKnownFileType = text.plist.strings; name = "zh-Hant"; path = "zh-Hant.lproj/Localizable.strings"; sourceTree = "<group>"; };
		809A5D6517F16C8B004B996C /* zh-Hant */ = {isa = PBXFileReference; lastKnownFileType = text.plist.strings; name = "zh-Hant"; path = "zh-Hant.lproj/InfoPlist.strings"; sourceTree = "<group>"; };
		809F781119FFCF4400BB9062 /* base64.c */ = {isa = PBXFileReference; fileEncoding = 4; lastKnownFileType = sourcecode.c.c; name = base64.c; path = SocketRocket/base64.c; sourceTree = "<group>"; };
		809F781219FFCF4400BB9062 /* base64.h */ = {isa = PBXFileReference; fileEncoding = 4; lastKnownFileType = sourcecode.c.h; name = base64.h; path = SocketRocket/base64.h; sourceTree = "<group>"; };
		809F781319FFCF4400BB9062 /* NSData+SRB64Additions.h */ = {isa = PBXFileReference; fileEncoding = 4; lastKnownFileType = sourcecode.c.h; name = "NSData+SRB64Additions.h"; path = "SocketRocket/NSData+SRB64Additions.h"; sourceTree = "<group>"; };
		809F781419FFCF4400BB9062 /* NSData+SRB64Additions.m */ = {isa = PBXFileReference; fileEncoding = 4; lastKnownFileType = sourcecode.c.objc; name = "NSData+SRB64Additions.m"; path = "SocketRocket/NSData+SRB64Additions.m"; sourceTree = "<group>"; };
		809F781519FFCF4400BB9062 /* SocketRocket-Prefix.pch */ = {isa = PBXFileReference; fileEncoding = 4; lastKnownFileType = sourcecode.c.h; name = "SocketRocket-Prefix.pch"; path = "SocketRocket/SocketRocket-Prefix.pch"; sourceTree = "<group>"; };
		809F781619FFCF4400BB9062 /* SRWebSocket.h */ = {isa = PBXFileReference; fileEncoding = 4; lastKnownFileType = sourcecode.c.h; name = SRWebSocket.h; path = SocketRocket/SRWebSocket.h; sourceTree = "<group>"; };
		809F781719FFCF4400BB9062 /* SRWebSocket.m */ = {isa = PBXFileReference; fileEncoding = 4; lastKnownFileType = sourcecode.c.objc; name = SRWebSocket.m; path = SocketRocket/SRWebSocket.m; sourceTree = "<group>"; };
		80AB3D7E183E72A80005C603 /* GAI.h */ = {isa = PBXFileReference; fileEncoding = 4; lastKnownFileType = sourcecode.c.h; name = GAI.h; path = Library/GAI.h; sourceTree = "<group>"; };
		80AB3D7F183E72A80005C603 /* GAIDictionaryBuilder.h */ = {isa = PBXFileReference; fileEncoding = 4; lastKnownFileType = sourcecode.c.h; name = GAIDictionaryBuilder.h; path = Library/GAIDictionaryBuilder.h; sourceTree = "<group>"; };
		80AB3D80183E72A80005C603 /* GAIFields.h */ = {isa = PBXFileReference; fileEncoding = 4; lastKnownFileType = sourcecode.c.h; name = GAIFields.h; path = Library/GAIFields.h; sourceTree = "<group>"; };
		80AB3D81183E72A80005C603 /* GAILogger.h */ = {isa = PBXFileReference; fileEncoding = 4; lastKnownFileType = sourcecode.c.h; name = GAILogger.h; path = Library/GAILogger.h; sourceTree = "<group>"; };
		80AB3D82183E72A80005C603 /* GAITrackedViewController.h */ = {isa = PBXFileReference; fileEncoding = 4; lastKnownFileType = sourcecode.c.h; name = GAITrackedViewController.h; path = Library/GAITrackedViewController.h; sourceTree = "<group>"; };
		80AB3D83183E72A80005C603 /* GAITracker.h */ = {isa = PBXFileReference; fileEncoding = 4; lastKnownFileType = sourcecode.c.h; name = GAITracker.h; path = Library/GAITracker.h; sourceTree = "<group>"; };
		80AB3D86183E72FB0005C603 /* libGoogleAnalyticsServices.a */ = {isa = PBXFileReference; lastKnownFileType = archive.ar; name = libGoogleAnalyticsServices.a; path = Library/libGoogleAnalyticsServices.a; sourceTree = "<group>"; };
		80AB3D88183E73150005C603 /* CoreData.framework */ = {isa = PBXFileReference; lastKnownFileType = wrapper.framework; name = CoreData.framework; path = System/Library/Frameworks/CoreData.framework; sourceTree = SDKROOT; };
		80AB3D8A183E73340005C603 /* SystemConfiguration.framework */ = {isa = PBXFileReference; lastKnownFileType = wrapper.framework; name = SystemConfiguration.framework; path = System/Library/Frameworks/SystemConfiguration.framework; sourceTree = SDKROOT; };
		80AB3D8C183E73490005C603 /* libz.dylib */ = {isa = PBXFileReference; lastKnownFileType = "compiled.mach-o.dylib"; name = libz.dylib; path = usr/lib/libz.dylib; sourceTree = SDKROOT; };
		80B3A51B19F27FB600E7CB7C /* button-add1@2x.png */ = {isa = PBXFileReference; lastKnownFileType = image.png; path = "button-add1@2x.png"; sourceTree = "<group>"; };
		80B3A51C19F27FB600E7CB7C /* button-back1@2x.png */ = {isa = PBXFileReference; lastKnownFileType = image.png; path = "button-back1@2x.png"; sourceTree = "<group>"; };
		80B3A51D19F27FB600E7CB7C /* button-refresh@2x.png */ = {isa = PBXFileReference; lastKnownFileType = image.png; path = "button-refresh@2x.png"; sourceTree = "<group>"; };
		80B5C8C5183BD6020024E946 /* iPad3Storyboard.storyboard */ = {isa = PBXFileReference; fileEncoding = 4; lastKnownFileType = file.storyboard; path = iPad3Storyboard.storyboard; sourceTree = "<group>"; };
		80B6B18319F54490006D10B1 /* EtiquetteViewController.h */ = {isa = PBXFileReference; fileEncoding = 4; lastKnownFileType = sourcecode.c.h; path = EtiquetteViewController.h; sourceTree = "<group>"; };
		80B6B18419F54490006D10B1 /* EtiquetteViewController.m */ = {isa = PBXFileReference; fileEncoding = 4; lastKnownFileType = sourcecode.c.objc; path = EtiquetteViewController.m; sourceTree = "<group>"; };
		80C6626319F153F1003E1268 /* libAdIdAccess.a */ = {isa = PBXFileReference; lastKnownFileType = archive.ar; name = libAdIdAccess.a; path = Library/libAdIdAccess.a; sourceTree = "<group>"; };
		80C6626519F15F69003E1268 /* GAIEcommerceFields.h */ = {isa = PBXFileReference; fileEncoding = 4; lastKnownFileType = sourcecode.c.h; name = GAIEcommerceFields.h; path = Library/GAIEcommerceFields.h; sourceTree = "<group>"; };
		80C6626619F15F69003E1268 /* GAIEcommerceProduct.h */ = {isa = PBXFileReference; fileEncoding = 4; lastKnownFileType = sourcecode.c.h; name = GAIEcommerceProduct.h; path = Library/GAIEcommerceProduct.h; sourceTree = "<group>"; };
		80C6626719F15F69003E1268 /* GAIEcommerceProductAction.h */ = {isa = PBXFileReference; fileEncoding = 4; lastKnownFileType = sourcecode.c.h; name = GAIEcommerceProductAction.h; path = Library/GAIEcommerceProductAction.h; sourceTree = "<group>"; };
		80C6626819F15F69003E1268 /* GAIEcommercePromotion.h */ = {isa = PBXFileReference; fileEncoding = 4; lastKnownFileType = sourcecode.c.h; name = GAIEcommercePromotion.h; path = Library/GAIEcommercePromotion.h; sourceTree = "<group>"; };
		80DB2ADA177AF2FD003C297A /* ConnectionDelegate.h */ = {isa = PBXFileReference; lastKnownFileType = sourcecode.c.h; path = ConnectionDelegate.h; sourceTree = "<group>"; };
		80FB4C4617251F460004965A /* CFNetwork.framework */ = {isa = PBXFileReference; lastKnownFileType = wrapper.framework; name = CFNetwork.framework; path = System/Library/Frameworks/CFNetwork.framework; sourceTree = SDKROOT; };
		80FB4C4817251F540004965A /* libicucore.dylib */ = {isa = PBXFileReference; lastKnownFileType = "compiled.mach-o.dylib"; name = libicucore.dylib; path = usr/lib/libicucore.dylib; sourceTree = SDKROOT; };
		80FB4C4A17251F5D0004965A /* Security.framework */ = {isa = PBXFileReference; lastKnownFileType = wrapper.framework; name = Security.framework; path = System/Library/Frameworks/Security.framework; sourceTree = SDKROOT; };
/* End PBXFileReference section */

/* Begin PBXFrameworksBuildPhase section */
		8096A8A41636E80B0092F049 /* Frameworks */ = {
			isa = PBXFrameworksBuildPhase;
			buildActionMask = 2147483647;
			files = (
				8048553318EF240A000979E8 /* CoreData.framework in Frameworks */,
				8048553218EF2352000979E8 /* AdSupport.framework in Frameworks */,
				80AB3D8D183E73490005C603 /* libz.dylib in Frameworks */,
				80AB3D8B183E73340005C603 /* SystemConfiguration.framework in Frameworks */,
				80FB4C4B17251F5D0004965A /* Security.framework in Frameworks */,
				80FB4C4917251F540004965A /* libicucore.dylib in Frameworks */,
				80FB4C4717251F460004965A /* CFNetwork.framework in Frameworks */,
				80939B88166E0D7D0079BEF0 /* MapKit.framework in Frameworks */,
				8096A9281636F3FD0092F049 /* MessageUI.framework in Frameworks */,
				80C6626419F153F1003E1268 /* libAdIdAccess.a in Frameworks */,
				8096A9261636F39C0092F049 /* CoreLocation.framework in Frameworks */,
				8096A9241636F37E0092F049 /* QuartzCore.framework in Frameworks */,
				8096A8AC1636E80C0092F049 /* UIKit.framework in Frameworks */,
				8096A8AE1636E80C0092F049 /* Foundation.framework in Frameworks */,
				8096A8B01636E80C0092F049 /* CoreGraphics.framework in Frameworks */,
				80AB3D87183E72FB0005C603 /* libGoogleAnalyticsServices.a in Frameworks */,
			);
			runOnlyForDeploymentPostprocessing = 0;
		};
/* End PBXFrameworksBuildPhase section */

/* Begin PBXGroup section */
		8096A89C1636E80B0092F049 = {
			isa = PBXGroup;
			children = (
				80AB3D7C183E727B0005C603 /* Google analytics */,
				80070C941A727E0900256E60 /* GenericStoryboard.storyboard */,
				80B5C8C5183BD6020024E946 /* iPad3Storyboard.storyboard */,
				803165DB17BD0E6F003C4E77 /* MainStoryboard.storyboard */,
				803165AB17BCC8CC003C4E77 /* Localizable.strings */,
				80A6704D17381C150082275E /* Socket.io */,
				80FB4C3B17251E950004965A /* SocketRocket */,
				8096A8B11636E80C0092F049 /* SpeakUp */,
				8096A8AA1636E80C0092F049 /* Frameworks */,
				8096A8A81636E80C0092F049 /* Products */,
			);
			sourceTree = "<group>";
		};
		8096A8A81636E80C0092F049 /* Products */ = {
			isa = PBXGroup;
			children = (
				8096A8A71636E80C0092F049 /* SpeakUp.app */,
			);
			name = Products;
			sourceTree = "<group>";
		};
		8096A8AA1636E80C0092F049 /* Frameworks */ = {
			isa = PBXGroup;
			children = (
				8048553118EF2352000979E8 /* AdSupport.framework */,
				80AB3D8C183E73490005C603 /* libz.dylib */,
				80AB3D8A183E73340005C603 /* SystemConfiguration.framework */,
				80AB3D88183E73150005C603 /* CoreData.framework */,
				80FB4C4817251F540004965A /* libicucore.dylib */,
				80FB4C4A17251F5D0004965A /* Security.framework */,
				80FB4C4617251F460004965A /* CFNetwork.framework */,
				80939B87166E0D7D0079BEF0 /* MapKit.framework */,
				8096A9231636F37D0092F049 /* QuartzCore.framework */,
				8096A9251636F39B0092F049 /* CoreLocation.framework */,
				8096A9271636F3FD0092F049 /* MessageUI.framework */,
				8096A8AB1636E80C0092F049 /* UIKit.framework */,
				8096A8AD1636E80C0092F049 /* Foundation.framework */,
				8096A8AF1636E80C0092F049 /* CoreGraphics.framework */,
			);
			name = Frameworks;
			sourceTree = "<group>";
		};
		8096A8B11636E80C0092F049 /* SpeakUp */ = {
			isa = PBXGroup;
			children = (
				8090FE6A1664FC6A005A6358 /* SpeakUpManager.h */,
				8090FE6B1664FC6A005A6358 /* SpeakUpManager.m */,
				8090FE6C1664FC6A005A6358 /* SpeakUpManagerDelegate.h */,
				80DB2ADA177AF2FD003C297A /* ConnectionDelegate.h */,
				8096A8E81636E9C60092F049 /* RoomManagerDelegate.h */,
				8096A8D51636E9C60092F049 /* MessageManagerDelegate.h */,
				8096A8E11636E9C60092F049 /* PeerManagerDelegate.h */,
				8096A9211636EA750092F049 /* Model */,
				8096A9201636EA260092F049 /* ViewControllers */,
				80B3A51A19F27FB600E7CB7C /* Pics */,
				803EB69417EDF75100E053EA /* Images.xcassets */,
				8096A8B21636E80C0092F049 /* Supporting Files */,
			);
			path = SpeakUp;
			sourceTree = "<group>";
		};
		8096A8B21636E80C0092F049 /* Supporting Files */ = {
			isa = PBXGroup;
			children = (
				8096A8BA1636E80C0092F049 /* AppDelegate.h */,
				8096A8BB1636E80C0092F049 /* AppDelegate.m */,
				8096A8B31636E80C0092F049 /* SpeakUp-Info.plist */,
				8096A8B41636E80C0092F049 /* InfoPlist.strings */,
				8096A8B71636E80C0092F049 /* main.m */,
				8096A8B91636E80C0092F049 /* SpeakUp-Prefix.pch */,
			);
			name = "Supporting Files";
			sourceTree = "<group>";
		};
		8096A9201636EA260092F049 /* ViewControllers */ = {
			isa = PBXGroup;
			children = (
				8096A8E91636E9C60092F049 /* RoomTableViewController.h */,
				8096A8EA1636E9C60092F049 /* RoomTableViewController.m */,
				8096A8D61636E9C60092F049 /* MessageTableViewController.h */,
				8096A8D71636E9C60092F049 /* MessageTableViewController.m */,
				8096A8D81636E9C60092F049 /* NewRoomViewController.h */,
				8096A8D91636E9C60092F049 /* NewRoomViewController.m */,
				80B6B18319F54490006D10B1 /* EtiquetteViewController.h */,
				80B6B18419F54490006D10B1 /* EtiquetteViewController.m */,
			);
			name = ViewControllers;
			sourceTree = "<group>";
		};
		8096A9211636EA750092F049 /* Model */ = {
			isa = PBXGroup;
			children = (
				8096A8D11636E9C60092F049 /* Message.h */,
				8096A8D21636E9C60092F049 /* Message.m */,
				8096A8E41636E9C60092F049 /* Room.h */,
				8096A8E51636E9C60092F049 /* Room.m */,
			);
			name = Model;
			sourceTree = "<group>";
		};
		80A6704D17381C150082275E /* Socket.io */ = {
			isa = PBXGroup;
			children = (
				803EB67D17EC61FE00E053EA /* SocketIO.h */,
				803EB67E17EC61FE00E053EA /* SocketIO.m */,
				803EB67F17EC61FE00E053EA /* SocketIOJSONSerialization.h */,
				803EB68017EC61FE00E053EA /* SocketIOJSONSerialization.m */,
				803EB68117EC61FE00E053EA /* SocketIOPacket.h */,
				803EB68217EC61FE00E053EA /* SocketIOPacket.m */,
				803EB68317EC61FE00E053EA /* SocketIOTransport.h */,
				803EB68417EC61FE00E053EA /* SocketIOTransportWebsocket.h */,
				803EB68517EC61FE00E053EA /* SocketIOTransportWebsocket.m */,
				803EB68617EC61FE00E053EA /* SocketIOTransportXHR.h */,
				803EB68717EC61FE00E053EA /* SocketIOTransportXHR.m */,
			);
			name = Socket.io;
			sourceTree = "<group>";
		};
		80AB3D7C183E727B0005C603 /* Google analytics */ = {
			isa = PBXGroup;
			children = (
				80C6626319F153F1003E1268 /* libAdIdAccess.a */,
				80AB3D86183E72FB0005C603 /* libGoogleAnalyticsServices.a */,
				80C6626519F15F69003E1268 /* GAIEcommerceFields.h */,
				80C6626619F15F69003E1268 /* GAIEcommerceProduct.h */,
				80C6626719F15F69003E1268 /* GAIEcommerceProductAction.h */,
				80C6626819F15F69003E1268 /* GAIEcommercePromotion.h */,
				80AB3D7E183E72A80005C603 /* GAI.h */,
				80AB3D7F183E72A80005C603 /* GAIDictionaryBuilder.h */,
				80AB3D80183E72A80005C603 /* GAIFields.h */,
				80AB3D81183E72A80005C603 /* GAILogger.h */,
				80AB3D82183E72A80005C603 /* GAITrackedViewController.h */,
				80AB3D83183E72A80005C603 /* GAITracker.h */,
			);
			name = "Google analytics";
			sourceTree = "<group>";
		};
		80B3A51A19F27FB600E7CB7C /* Pics */ = {
			isa = PBXGroup;
			children = (
				80B3A51B19F27FB600E7CB7C /* button-add1@2x.png */,
				80B3A51C19F27FB600E7CB7C /* button-back1@2x.png */,
				80B3A51D19F27FB600E7CB7C /* button-refresh@2x.png */,
				80B3A51E19F27FB600E7CB7C /* Likes */,
			);
			path = Pics;
			sourceTree = "<group>";
		};
		80B3A51E19F27FB600E7CB7C /* Likes */ = {
			isa = PBXGroup;
			children = (
				80386C2719FA7FF200DDE7F6 /* arrowDISLIKE_NOTPRESSED@2x.png */,
				80386C2819FA7FF200DDE7F6 /* arrowDISLIKE_PRESSED@2x.png */,
				80386C2919FA7FF200DDE7F6 /* arrowLIKE_NOTPRESSED@2x.png */,
				80386C2A19FA7FF200DDE7F6 /* arrowLIKE_PRESSED@2x.png */,
				80386C2B19FA7FF200DDE7F6 /* plusDISLIKE_NOTPRESSED@2x.png */,
				80386C2C19FA7FF200DDE7F6 /* plusDISLIKE_PRESSED@2x.png */,
				80386C2D19FA7FF200DDE7F6 /* plusLIKE_NOTPRESSED@2x.png */,
				80386C2E19FA7FF200DDE7F6 /* plusLIKE_PRESSED@2x.png */,
				80386C2F19FA7FF200DDE7F6 /* thumbDISLIKE_NOTPRESSED@2x.png */,
				80386C3019FA7FF200DDE7F6 /* thumbDISLIKE_PRESSED@2x.png */,
				80386C3119FA7FF200DDE7F6 /* thumbLIKE_NOTPRESSED@2x.png */,
				80386C3219FA7FF200DDE7F6 /* thumbLIKE_PRESSED@2x.png */,
			);
			path = Likes;
			sourceTree = "<group>";
		};
		80FB4C3B17251E950004965A /* SocketRocket */ = {
			isa = PBXGroup;
			children = (
				809F781119FFCF4400BB9062 /* base64.c */,
				809F781219FFCF4400BB9062 /* base64.h */,
				809F781319FFCF4400BB9062 /* NSData+SRB64Additions.h */,
				809F781419FFCF4400BB9062 /* NSData+SRB64Additions.m */,
				809F781519FFCF4400BB9062 /* SocketRocket-Prefix.pch */,
				809F781619FFCF4400BB9062 /* SRWebSocket.h */,
				809F781719FFCF4400BB9062 /* SRWebSocket.m */,
			);
			name = SocketRocket;
			sourceTree = "<group>";
		};
/* End PBXGroup section */

/* Begin PBXNativeTarget section */
		8096A8A61636E80B0092F049 /* SpeakUp */ = {
			isa = PBXNativeTarget;
			buildConfigurationList = 8096A8C51636E80C0092F049 /* Build configuration list for PBXNativeTarget "SpeakUp" */;
			buildPhases = (
				8096A8A31636E80B0092F049 /* Sources */,
				8096A8A41636E80B0092F049 /* Frameworks */,
				8096A8A51636E80B0092F049 /* Resources */,
			);
			buildRules = (
			);
			dependencies = (
			);
			name = SpeakUp;
			productName = SpeakUp;
			productReference = 8096A8A71636E80C0092F049 /* SpeakUp.app */;
			productType = "com.apple.product-type.application";
		};
/* End PBXNativeTarget section */

/* Begin PBXProject section */
		8096A89E1636E80B0092F049 /* Project object */ = {
			isa = PBXProject;
			attributes = {
				LastUpgradeCheck = 0450;
				ORGANIZATIONNAME = "Adrian Holzer";
				TargetAttributes = {
					8096A8A61636E80B0092F049 = {
						DevelopmentTeam = 2Y732Q5T2P;
					};
				};
			};
			buildConfigurationList = 8096A8A11636E80B0092F049 /* Build configuration list for PBXProject "SpeakUp" */;
			compatibilityVersion = "Xcode 3.2";
			developmentRegion = English;
			hasScannedForEncodings = 0;
			knownRegions = (
				en,
				fr,
				de,
				Base,
				uk,
				"zh-Hans",
				ru,
				ko,
				"zh-Hant",
				ja,
				es,
			);
			mainGroup = 8096A89C1636E80B0092F049;
			productRefGroup = 8096A8A81636E80C0092F049 /* Products */;
			projectDirPath = "";
			projectRoot = "";
			targets = (
				8096A8A61636E80B0092F049 /* SpeakUp */,
			);
		};
/* End PBXProject section */

/* Begin PBXResourcesBuildPhase section */
		8096A8A51636E80B0092F049 /* Resources */ = {
			isa = PBXResourcesBuildPhase;
			buildActionMask = 2147483647;
			files = (
				80B3A52B19F27FB600E7CB7C /* button-add1@2x.png in Resources */,
				8096A8B61636E80C0092F049 /* InfoPlist.strings in Resources */,
				80386C3A19FA7FF200DDE7F6 /* plusLIKE_PRESSED@2x.png in Resources */,
				80386C3319FA7FF200DDE7F6 /* arrowDISLIKE_NOTPRESSED@2x.png in Resources */,
				80386C3419FA7FF200DDE7F6 /* arrowDISLIKE_PRESSED@2x.png in Resources */,
				80B3A52D19F27FB600E7CB7C /* button-refresh@2x.png in Resources */,
				80B5C8C6183BD6020024E946 /* iPad3Storyboard.storyboard in Resources */,
				80386C3E19FA7FF200DDE7F6 /* thumbLIKE_PRESSED@2x.png in Resources */,
				80070C951A727E0900256E60 /* GenericStoryboard.storyboard in Resources */,
				80386C3B19FA7FF200DDE7F6 /* thumbDISLIKE_NOTPRESSED@2x.png in Resources */,
				80386C3719FA7FF200DDE7F6 /* plusDISLIKE_NOTPRESSED@2x.png in Resources */,
				80386C3619FA7FF200DDE7F6 /* arrowLIKE_PRESSED@2x.png in Resources */,
				80386C3519FA7FF200DDE7F6 /* arrowLIKE_NOTPRESSED@2x.png in Resources */,
				80386C3D19FA7FF200DDE7F6 /* thumbLIKE_NOTPRESSED@2x.png in Resources */,
				803EB69517EDF75100E053EA /* Images.xcassets in Resources */,
				80386C3C19FA7FF200DDE7F6 /* thumbDISLIKE_PRESSED@2x.png in Resources */,
				803165A917BCC8CC003C4E77 /* Localizable.strings in Resources */,
				80386C3919FA7FF200DDE7F6 /* plusLIKE_NOTPRESSED@2x.png in Resources */,
				80386C3819FA7FF200DDE7F6 /* plusDISLIKE_PRESSED@2x.png in Resources */,
				803165DC17BD0E6F003C4E77 /* MainStoryboard.storyboard in Resources */,
				80B3A52C19F27FB600E7CB7C /* button-back1@2x.png in Resources */,
			);
			runOnlyForDeploymentPostprocessing = 0;
		};
/* End PBXResourcesBuildPhase section */

/* Begin PBXSourcesBuildPhase section */
		8096A8A31636E80B0092F049 /* Sources */ = {
			isa = PBXSourcesBuildPhase;
			buildActionMask = 2147483647;
			files = (
				8096A8B81636E80C0092F049 /* main.m in Sources */,
				8096A8BC1636E80C0092F049 /* AppDelegate.m in Sources */,
				8096A8F61636E9C60092F049 /* Message.m in Sources */,
				8096A8F81636E9C60092F049 /* MessageTableViewController.m in Sources */,
				803EB68817EC61FE00E053EA /* SocketIO.m in Sources */,
				8096A8F91636E9C60092F049 /* NewRoomViewController.m in Sources */,
				803EB68A17EC61FE00E053EA /* SocketIOPacket.m in Sources */,
				80B6B18519F54490006D10B1 /* EtiquetteViewController.m in Sources */,
				8096A9011636E9C60092F049 /* Room.m in Sources */,
				8096A9031636E9C60092F049 /* RoomTableViewController.m in Sources */,
				803EB68B17EC61FE00E053EA /* SocketIOTransportWebsocket.m in Sources */,
				809F781919FFCF4400BB9062 /* NSData+SRB64Additions.m in Sources */,
				8090FE6D1664FC6A005A6358 /* SpeakUpManager.m in Sources */,
				809F781819FFCF4400BB9062 /* base64.c in Sources */,
				803EB68C17EC61FE00E053EA /* SocketIOTransportXHR.m in Sources */,
				809F781A19FFCF4400BB9062 /* SRWebSocket.m in Sources */,
				803EB68917EC61FE00E053EA /* SocketIOJSONSerialization.m in Sources */,
			);
			runOnlyForDeploymentPostprocessing = 0;
		};
/* End PBXSourcesBuildPhase section */

/* Begin PBXVariantGroup section */
		803165AB17BCC8CC003C4E77 /* Localizable.strings */ = {
			isa = PBXVariantGroup;
			children = (
				803165AA17BCC8CC003C4E77 /* en */,
				803165D517BCD550003C4E77 /* fr */,
				803EB68D17EC768900E053EA /* uk */,
				803EB68F17EC769A00E053EA /* zh-Hans */,
				803EB69317EDED7700E053EA /* de */,
				803EB69617EEEC3300E053EA /* ru */,
				803EB69C17F091C200E053EA /* ko */,
				809A5D6417F16C8B004B996C /* zh-Hant */,
				802F98AD17F4D828003AB861 /* ja */,
				806F490D1808448900BFBC91 /* es */,
			);
			name = Localizable.strings;
			sourceTree = "<group>";
		};
		8096A8B41636E80C0092F049 /* InfoPlist.strings */ = {
			isa = PBXVariantGroup;
			children = (
				8096A8B51636E80C0092F049 /* en */,
				803EB68E17EC768900E053EA /* uk */,
				803EB69017EC769A00E053EA /* zh-Hans */,
				803EB69717EEEC3300E053EA /* ru */,
				803EB69D17F091C200E053EA /* ko */,
				809A5D6517F16C8B004B996C /* zh-Hant */,
				802F98AE17F4D828003AB861 /* ja */,
				806F490E1808448900BFBC91 /* es */,
			);
			name = InfoPlist.strings;
			sourceTree = "<group>";
		};
/* End PBXVariantGroup section */

/* Begin XCBuildConfiguration section */
		8096A8C31636E80C0092F049 /* Debug */ = {
			isa = XCBuildConfiguration;
			buildSettings = {
				ALWAYS_SEARCH_USER_PATHS = NO;
				CLANG_CXX_LANGUAGE_STANDARD = "gnu++0x";
				CLANG_CXX_LIBRARY = "libc++";
				CLANG_ENABLE_OBJC_ARC = YES;
				CLANG_WARN_EMPTY_BODY = YES;
				CLANG_WARN__DUPLICATE_METHOD_MATCH = YES;
				CODE_SIGN_IDENTITY = "iPhone Distribution: University of Lausanne, DopLab (2Y732Q5T2P)";
				"CODE_SIGN_IDENTITY[sdk=iphoneos*]" = "iPhone Developer";
				COPY_PHASE_STRIP = NO;
				GCC_C_LANGUAGE_STANDARD = gnu99;
				GCC_DYNAMIC_NO_PIC = NO;
				GCC_OPTIMIZATION_LEVEL = 0;
				GCC_PREPROCESSOR_DEFINITIONS = (
					"DEBUG=1",
					"$(inherited)",
				);
				GCC_SYMBOLS_PRIVATE_EXTERN = NO;
				GCC_WARN_ABOUT_RETURN_TYPE = YES;
				GCC_WARN_UNINITIALIZED_AUTOS = YES;
				GCC_WARN_UNUSED_VARIABLE = YES;
				IPHONEOS_DEPLOYMENT_TARGET = 6.0;
				ONLY_ACTIVE_ARCH = YES;
				SDKROOT = iphoneos;
			};
			name = Debug;
		};
		8096A8C41636E80C0092F049 /* Release */ = {
			isa = XCBuildConfiguration;
			buildSettings = {
				ALWAYS_SEARCH_USER_PATHS = NO;
				CLANG_CXX_LANGUAGE_STANDARD = "gnu++0x";
				CLANG_CXX_LIBRARY = "libc++";
				CLANG_ENABLE_OBJC_ARC = YES;
				CLANG_WARN_EMPTY_BODY = YES;
				CLANG_WARN__DUPLICATE_METHOD_MATCH = YES;
				CODE_SIGN_IDENTITY = "iPhone Distribution: University of Lausanne, DopLab (2Y732Q5T2P)";
				"CODE_SIGN_IDENTITY[sdk=iphoneos*]" = "iPhone Developer";
				COPY_PHASE_STRIP = YES;
				GCC_C_LANGUAGE_STANDARD = gnu99;
				GCC_WARN_ABOUT_RETURN_TYPE = YES;
				GCC_WARN_UNINITIALIZED_AUTOS = YES;
				GCC_WARN_UNUSED_VARIABLE = YES;
				IPHONEOS_DEPLOYMENT_TARGET = 6.0;
				OTHER_CFLAGS = "-DNS_BLOCK_ASSERTIONS=1";
				SDKROOT = iphoneos;
				VALIDATE_PRODUCT = YES;
			};
			name = Release;
		};
		8096A8C61636E80C0092F049 /* Debug */ = {
			isa = XCBuildConfiguration;
			buildSettings = {
				ASSETCATALOG_COMPILER_APPICON_NAME = AppIcon;
				ASSETCATALOG_COMPILER_LAUNCHIMAGE_NAME = LaunchImage;
				CODE_SIGN_IDENTITY = "iPhone Developer";
				"CODE_SIGN_IDENTITY[sdk=iphoneos*]" = "iPhone Developer";
				FRAMEWORK_SEARCH_PATHS = (
					"$(inherited)",
					"\"$(SRCROOT)/SpeakUp\"",
					"\"$(SRCROOT)/..\"",
					"\"$(SRCROOT)\"",
				);
				GCC_PRECOMPILE_PREFIX_HEADER = YES;
				GCC_PREFIX_HEADER = "SpeakUp/SpeakUp-Prefix.pch";
				INFOPLIST_FILE = "SpeakUp/SpeakUp-Info.plist";
				IPHONEOS_DEPLOYMENT_TARGET = 6.0;
				LIBRARY_SEARCH_PATHS = (
					"$(inherited)",
					Library,
					"$(PROJECT_DIR)$(LOCAL_LIBRARY_DIR)",
				);
				PRODUCT_NAME = "$(TARGET_NAME)";
				PROVISIONING_PROFILE = "";
				"PROVISIONING_PROFILE[sdk=iphoneos*]" = "";
				TARGETED_DEVICE_FAMILY = "1,2";
				WRAPPER_EXTENSION = app;
			};
			name = Debug;
		};
		8096A8C71636E80C0092F049 /* Release */ = {
			isa = XCBuildConfiguration;
			buildSettings = {
				ASSETCATALOG_COMPILER_APPICON_NAME = AppIcon;
				ASSETCATALOG_COMPILER_LAUNCHIMAGE_NAME = LaunchImage;
				CODE_SIGN_IDENTITY = "iPhone Developer";
				"CODE_SIGN_IDENTITY[sdk=iphoneos*]" = "iPhone Developer";
				FRAMEWORK_SEARCH_PATHS = (
					"$(inherited)",
					"\"$(SRCROOT)/SpeakUp\"",
					"\"$(SRCROOT)/..\"",
					"\"$(SRCROOT)\"",
				);
				GCC_PRECOMPILE_PREFIX_HEADER = YES;
				GCC_PREFIX_HEADER = "SpeakUp/SpeakUp-Prefix.pch";
				INFOPLIST_FILE = "SpeakUp/SpeakUp-Info.plist";
				IPHONEOS_DEPLOYMENT_TARGET = 6.0;
				LIBRARY_SEARCH_PATHS = (
					"$(inherited)",
					Library,
					"$(PROJECT_DIR)$(LOCAL_LIBRARY_DIR)",
				);
				PRODUCT_NAME = "$(TARGET_NAME)";
				PROVISIONING_PROFILE = "";
				"PROVISIONING_PROFILE[sdk=iphoneos*]" = "";
				TARGETED_DEVICE_FAMILY = "1,2";
				WRAPPER_EXTENSION = app;
			};
			name = Release;
		};
/* End XCBuildConfiguration section */

/* Begin XCConfigurationList section */
		8096A8A11636E80B0092F049 /* Build configuration list for PBXProject "SpeakUp" */ = {
			isa = XCConfigurationList;
			buildConfigurations = (
				8096A8C31636E80C0092F049 /* Debug */,
				8096A8C41636E80C0092F049 /* Release */,
			);
			defaultConfigurationIsVisible = 0;
			defaultConfigurationName = Release;
		};
		8096A8C51636E80C0092F049 /* Build configuration list for PBXNativeTarget "SpeakUp" */ = {
			isa = XCConfigurationList;
			buildConfigurations = (
				8096A8C61636E80C0092F049 /* Debug */,
				8096A8C71636E80C0092F049 /* Release */,
			);
			defaultConfigurationIsVisible = 0;
			defaultConfigurationName = Release;
		};
/* End XCConfigurationList section */
	};
	rootObject = 8096A89E1636E80B0092F049 /* Project object */;
}
