// !$*UTF8*$!
{
	archiveVersion = 1;
	classes = {
	};
	objectVersion = 46;
	objects = {

/* Begin PBXBuildFile section */
		80864DE416FF649700ED1724 /* non-official-room-mine.png in Resources */ = {isa = PBXBuildFile; fileRef = 80864DE216FF649700ED1724 /* non-official-room-mine.png */; };
		80864DE516FF649700ED1724 /* official-room-notmine.png in Resources */ = {isa = PBXBuildFile; fileRef = 80864DE316FF649700ED1724 /* official-room-notmine.png */; };
		8089F91B16E4DB0E0081E322 /* speakUPlogoRetina.png in Resources */ = {isa = PBXBuildFile; fileRef = 8089F91A16E4DB0E0081E322 /* speakUPlogoRetina.png */; };
		8089F91D16E4DB480081E322 /* speakUPlogoNotRetina.png in Resources */ = {isa = PBXBuildFile; fileRef = 8089F91C16E4DB480081E322 /* speakUPlogoNotRetina.png */; };
		8089F91F16E4DBFE0081E322 /* speakUPlogoRetinaiPad.png in Resources */ = {isa = PBXBuildFile; fileRef = 8089F91E16E4DBFE0081E322 /* speakUPlogoRetinaiPad.png */; };
		8089F92116E4DC620081E322 /* speakUPlogoiPad.png in Resources */ = {isa = PBXBuildFile; fileRef = 8089F92016E4DC620081E322 /* speakUPlogoiPad.png */; };
		8089F92316E4DDAC0081E322 /* Default.png in Resources */ = {isa = PBXBuildFile; fileRef = 8089F92216E4DDAC0081E322 /* Default.png */; };
		8089F92516E4DDBD0081E322 /* Default-Portrait~ipad.png in Resources */ = {isa = PBXBuildFile; fileRef = 8089F92416E4DDBD0081E322 /* Default-Portrait~ipad.png */; };
		8089F92716E4DE330081E322 /* Default@2x.png in Resources */ = {isa = PBXBuildFile; fileRef = 8089F92616E4DE330081E322 /* Default@2x.png */; };
		8089F92916E4DED00081E322 /* Default-568h@2x.png in Resources */ = {isa = PBXBuildFile; fileRef = 8089F92816E4DED00081E322 /* Default-568h@2x.png */; };
		8089F92B16E4DFE80081E322 /* Default-Portrait@2x~ipad.png in Resources */ = {isa = PBXBuildFile; fileRef = 8089F92A16E4DFE80081E322 /* Default-Portrait@2x~ipad.png */; };
		8089F92D16E4E06F0081E322 /* Default-Landscape~ipad.png in Resources */ = {isa = PBXBuildFile; fileRef = 8089F92C16E4E06F0081E322 /* Default-Landscape~ipad.png */; };
		8089F92F16E4E0860081E322 /* Default-Landscape@2x~ipad.png in Resources */ = {isa = PBXBuildFile; fileRef = 8089F92E16E4E0860081E322 /* Default-Landscape@2x~ipad.png */; };
		8090FE6D1664FC6A005A6358 /* SpeakUpManager.m in Sources */ = {isa = PBXBuildFile; fileRef = 8090FE6B1664FC6A005A6358 /* SpeakUpManager.m */; };
		80939B88166E0D7D0079BEF0 /* MapKit.framework in Frameworks */ = {isa = PBXBuildFile; fileRef = 80939B87166E0D7D0079BEF0 /* MapKit.framework */; };
		8096A8AC1636E80C0092F049 /* UIKit.framework in Frameworks */ = {isa = PBXBuildFile; fileRef = 8096A8AB1636E80C0092F049 /* UIKit.framework */; };
		8096A8AE1636E80C0092F049 /* Foundation.framework in Frameworks */ = {isa = PBXBuildFile; fileRef = 8096A8AD1636E80C0092F049 /* Foundation.framework */; };
		8096A8B01636E80C0092F049 /* CoreGraphics.framework in Frameworks */ = {isa = PBXBuildFile; fileRef = 8096A8AF1636E80C0092F049 /* CoreGraphics.framework */; };
		8096A8B61636E80C0092F049 /* InfoPlist.strings in Resources */ = {isa = PBXBuildFile; fileRef = 8096A8B41636E80C0092F049 /* InfoPlist.strings */; };
		8096A8B81636E80C0092F049 /* main.m in Sources */ = {isa = PBXBuildFile; fileRef = 8096A8B71636E80C0092F049 /* main.m */; };
		8096A8BC1636E80C0092F049 /* AppDelegate.m in Sources */ = {isa = PBXBuildFile; fileRef = 8096A8BB1636E80C0092F049 /* AppDelegate.m */; };
		8096A8F11636E9C60092F049 /* CopyLabel.m in Sources */ = {isa = PBXBuildFile; fileRef = 8096A8C91636E9C60092F049 /* CopyLabel.m */; };
		8096A8F31636E9C60092F049 /* InputViewController.m in Sources */ = {isa = PBXBuildFile; fileRef = 8096A8CD1636E9C60092F049 /* InputViewController.m */; };
		8096A8F51636E9C60092F049 /* MainStoryboard.storyboard in Resources */ = {isa = PBXBuildFile; fileRef = 8096A8D01636E9C60092F049 /* MainStoryboard.storyboard */; };
		8096A8F61636E9C60092F049 /* Message.m in Sources */ = {isa = PBXBuildFile; fileRef = 8096A8D21636E9C60092F049 /* Message.m */; };
		8096A8F81636E9C60092F049 /* MessageTableViewController.m in Sources */ = {isa = PBXBuildFile; fileRef = 8096A8D71636E9C60092F049 /* MessageTableViewController.m */; };
		8096A8F91636E9C60092F049 /* NewRoomViewController.m in Sources */ = {isa = PBXBuildFile; fileRef = 8096A8D91636E9C60092F049 /* NewRoomViewController.m */; };
		8096A8FA1636E9C60092F049 /* noMsg.png in Resources */ = {isa = PBXBuildFile; fileRef = 8096A8DA1636E9C60092F049 /* noMsg.png */; };
		8096A8FB1636E9C60092F049 /* non-official-room.png in Resources */ = {isa = PBXBuildFile; fileRef = 8096A8DB1636E9C60092F049 /* non-official-room.png */; };
		8096A8FC1636E9C60092F049 /* noroom.png in Resources */ = {isa = PBXBuildFile; fileRef = 8096A8DC1636E9C60092F049 /* noroom.png */; };
		8096A8FD1636E9C60092F049 /* noroomhand.png in Resources */ = {isa = PBXBuildFile; fileRef = 8096A8DD1636E9C60092F049 /* noroomhand.png */; };
		8096A8FE1636E9C60092F049 /* official-room.png in Resources */ = {isa = PBXBuildFile; fileRef = 8096A8DE1636E9C60092F049 /* official-room.png */; };
		8096A9011636E9C60092F049 /* Room.m in Sources */ = {isa = PBXBuildFile; fileRef = 8096A8E51636E9C60092F049 /* Room.m */; };
		8096A9031636E9C60092F049 /* RoomTableViewController.m in Sources */ = {isa = PBXBuildFile; fileRef = 8096A8EA1636E9C60092F049 /* RoomTableViewController.m */; };
		8096A9061636E9C60092F049 /* tDown1.png in Resources */ = {isa = PBXBuildFile; fileRef = 8096A8ED1636E9C60092F049 /* tDown1.png */; };
		8096A9071636E9C60092F049 /* tDownP1.png in Resources */ = {isa = PBXBuildFile; fileRef = 8096A8EE1636E9C60092F049 /* tDownP1.png */; };
		8096A9081636E9C60092F049 /* tUp1.png in Resources */ = {isa = PBXBuildFile; fileRef = 8096A8EF1636E9C60092F049 /* tUp1.png */; };
		8096A9091636E9C60092F049 /* tUpP1.png in Resources */ = {isa = PBXBuildFile; fileRef = 8096A8F01636E9C60092F049 /* tUpP1.png */; };
		8096A9161636E9DA0092F049 /* EGORefreshTableHeaderView.m in Sources */ = {isa = PBXBuildFile; fileRef = 8096A90C1636E9DA0092F049 /* EGORefreshTableHeaderView.m */; };
		8096A9171636E9DA0092F049 /* blackArrow.png in Resources */ = {isa = PBXBuildFile; fileRef = 8096A90E1636E9DA0092F049 /* blackArrow.png */; };
		8096A9181636E9DA0092F049 /* blackArrow@2x.png in Resources */ = {isa = PBXBuildFile; fileRef = 8096A90F1636E9DA0092F049 /* blackArrow@2x.png */; };
		8096A9191636E9DA0092F049 /* blueArrow.png in Resources */ = {isa = PBXBuildFile; fileRef = 8096A9101636E9DA0092F049 /* blueArrow.png */; };
		8096A91A1636E9DA0092F049 /* blueArrow@2x.png in Resources */ = {isa = PBXBuildFile; fileRef = 8096A9111636E9DA0092F049 /* blueArrow@2x.png */; };
		8096A91B1636E9DA0092F049 /* grayArrow.png in Resources */ = {isa = PBXBuildFile; fileRef = 8096A9121636E9DA0092F049 /* grayArrow.png */; };
		8096A91C1636E9DA0092F049 /* grayArrow@2x.png in Resources */ = {isa = PBXBuildFile; fileRef = 8096A9131636E9DA0092F049 /* grayArrow@2x.png */; };
		8096A91D1636E9DA0092F049 /* whiteArrow.png in Resources */ = {isa = PBXBuildFile; fileRef = 8096A9141636E9DA0092F049 /* whiteArrow.png */; };
		8096A91E1636E9DA0092F049 /* whiteArrow@2x.png in Resources */ = {isa = PBXBuildFile; fileRef = 8096A9151636E9DA0092F049 /* whiteArrow@2x.png */; };
		8096A9241636F37E0092F049 /* QuartzCore.framework in Frameworks */ = {isa = PBXBuildFile; fileRef = 8096A9231636F37D0092F049 /* QuartzCore.framework */; };
		8096A9261636F39C0092F049 /* CoreLocation.framework in Frameworks */ = {isa = PBXBuildFile; fileRef = 8096A9251636F39B0092F049 /* CoreLocation.framework */; };
		8096A9281636F3FD0092F049 /* MessageUI.framework in Frameworks */ = {isa = PBXBuildFile; fileRef = 8096A9271636F3FD0092F049 /* MessageUI.framework */; };
		8096A92E1636F7E60092F049 /* chevron.png in Resources */ = {isa = PBXBuildFile; fileRef = 8096A92D1636F7E60092F049 /* chevron.png */; };
		80A6705917381C3C0082275E /* SocketIO.m in Sources */ = {isa = PBXBuildFile; fileRef = 80A6704F17381C3C0082275E /* SocketIO.m */; };
		80A6705A17381C3C0082275E /* SocketIOJSONSerialization.m in Sources */ = {isa = PBXBuildFile; fileRef = 80A6705117381C3C0082275E /* SocketIOJSONSerialization.m */; };
		80A6705B17381C3C0082275E /* SocketIOPacket.m in Sources */ = {isa = PBXBuildFile; fileRef = 80A6705317381C3C0082275E /* SocketIOPacket.m */; };
		80A6705C17381C3C0082275E /* SocketIOTransportWebsocket.m in Sources */ = {isa = PBXBuildFile; fileRef = 80A6705617381C3C0082275E /* SocketIOTransportWebsocket.m */; };
		80A6705D17381C3C0082275E /* SocketIOTransportXHR.m in Sources */ = {isa = PBXBuildFile; fileRef = 80A6705817381C3C0082275E /* SocketIOTransportXHR.m */; };
		80EEBC5316D3C07C001B87FA /* iPadStoryboard.storyboard in Resources */ = {isa = PBXBuildFile; fileRef = 80EEBC5216D3C07C001B87FA /* iPadStoryboard.storyboard */; };
		80FB4C4317251EE40004965A /* base64.c in Sources */ = {isa = PBXBuildFile; fileRef = 80FB4C3C17251EE40004965A /* base64.c */; };
		80FB4C4417251EE40004965A /* NSData+SRB64Additions.m in Sources */ = {isa = PBXBuildFile; fileRef = 80FB4C3F17251EE40004965A /* NSData+SRB64Additions.m */; };
		80FB4C4517251EE40004965A /* SRWebSocket.m in Sources */ = {isa = PBXBuildFile; fileRef = 80FB4C4217251EE40004965A /* SRWebSocket.m */; };
		80FB4C4717251F460004965A /* CFNetwork.framework in Frameworks */ = {isa = PBXBuildFile; fileRef = 80FB4C4617251F460004965A /* CFNetwork.framework */; };
		80FB4C4917251F540004965A /* libicucore.dylib in Frameworks */ = {isa = PBXBuildFile; fileRef = 80FB4C4817251F540004965A /* libicucore.dylib */; };
		80FB4C4B17251F5D0004965A /* Security.framework in Frameworks */ = {isa = PBXBuildFile; fileRef = 80FB4C4A17251F5D0004965A /* Security.framework */; };
/* End PBXBuildFile section */

/* Begin PBXFileReference section */
		80864DE216FF649700ED1724 /* non-official-room-mine.png */ = {isa = PBXFileReference; lastKnownFileType = image.png; path = "non-official-room-mine.png"; sourceTree = "<group>"; };
		80864DE316FF649700ED1724 /* official-room-notmine.png */ = {isa = PBXFileReference; lastKnownFileType = image.png; path = "official-room-notmine.png"; sourceTree = "<group>"; };
		8089F91A16E4DB0E0081E322 /* speakUPlogoRetina.png */ = {isa = PBXFileReference; lastKnownFileType = image.png; name = speakUPlogoRetina.png; path = ../speakUPlogoRetina.png; sourceTree = "<group>"; };
		8089F91C16E4DB480081E322 /* speakUPlogoNotRetina.png */ = {isa = PBXFileReference; lastKnownFileType = image.png; name = speakUPlogoNotRetina.png; path = ../speakUPlogoNotRetina.png; sourceTree = "<group>"; };
		8089F91E16E4DBFE0081E322 /* speakUPlogoRetinaiPad.png */ = {isa = PBXFileReference; lastKnownFileType = image.png; name = speakUPlogoRetinaiPad.png; path = ../speakUPlogoRetinaiPad.png; sourceTree = "<group>"; };
		8089F92016E4DC620081E322 /* speakUPlogoiPad.png */ = {isa = PBXFileReference; lastKnownFileType = image.png; name = speakUPlogoiPad.png; path = ../speakUPlogoiPad.png; sourceTree = "<group>"; };
		8089F92216E4DDAC0081E322 /* Default.png */ = {isa = PBXFileReference; lastKnownFileType = image.png; name = Default.png; path = ../Default.png; sourceTree = "<group>"; };
		8089F92416E4DDBD0081E322 /* Default-Portrait~ipad.png */ = {isa = PBXFileReference; lastKnownFileType = image.png; name = "Default-Portrait~ipad.png"; path = "../Default-Portrait~ipad.png"; sourceTree = "<group>"; };
		8089F92616E4DE330081E322 /* Default@2x.png */ = {isa = PBXFileReference; lastKnownFileType = image.png; name = "Default@2x.png"; path = "../Default@2x.png"; sourceTree = "<group>"; };
		8089F92816E4DED00081E322 /* Default-568h@2x.png */ = {isa = PBXFileReference; lastKnownFileType = image.png; name = "Default-568h@2x.png"; path = "../Default-568h@2x.png"; sourceTree = "<group>"; };
		8089F92A16E4DFE80081E322 /* Default-Portrait@2x~ipad.png */ = {isa = PBXFileReference; lastKnownFileType = image.png; name = "Default-Portrait@2x~ipad.png"; path = "../Default-Portrait@2x~ipad.png"; sourceTree = "<group>"; };
		8089F92C16E4E06F0081E322 /* Default-Landscape~ipad.png */ = {isa = PBXFileReference; lastKnownFileType = image.png; name = "Default-Landscape~ipad.png"; path = "../Default-Landscape~ipad.png"; sourceTree = "<group>"; };
		8089F92E16E4E0860081E322 /* Default-Landscape@2x~ipad.png */ = {isa = PBXFileReference; lastKnownFileType = image.png; name = "Default-Landscape@2x~ipad.png"; path = "../Default-Landscape@2x~ipad.png"; sourceTree = "<group>"; };
		8090FE6A1664FC6A005A6358 /* SpeakUpManager.h */ = {isa = PBXFileReference; fileEncoding = 4; lastKnownFileType = sourcecode.c.h; path = SpeakUpManager.h; sourceTree = "<group>"; };
		8090FE6B1664FC6A005A6358 /* SpeakUpManager.m */ = {isa = PBXFileReference; fileEncoding = 4; lastKnownFileType = sourcecode.c.objc; path = SpeakUpManager.m; sourceTree = "<group>"; };
		8090FE6C1664FC6A005A6358 /* SpeakUpManagerDelegate.h */ = {isa = PBXFileReference; fileEncoding = 4; lastKnownFileType = sourcecode.c.h; path = SpeakUpManagerDelegate.h; sourceTree = "<group>"; };
		80939B87166E0D7D0079BEF0 /* MapKit.framework */ = {isa = PBXFileReference; lastKnownFileType = wrapper.framework; name = MapKit.framework; path = System/Library/Frameworks/MapKit.framework; sourceTree = SDKROOT; };
		8096A8A71636E80C0092F049 /* SpeakUp.app */ = {isa = PBXFileReference; explicitFileType = wrapper.application; includeInIndex = 0; path = SpeakUp.app; sourceTree = BUILT_PRODUCTS_DIR; };
		8096A8AB1636E80C0092F049 /* UIKit.framework */ = {isa = PBXFileReference; lastKnownFileType = wrapper.framework; name = UIKit.framework; path = System/Library/Frameworks/UIKit.framework; sourceTree = SDKROOT; };
		8096A8AD1636E80C0092F049 /* Foundation.framework */ = {isa = PBXFileReference; lastKnownFileType = wrapper.framework; name = Foundation.framework; path = System/Library/Frameworks/Foundation.framework; sourceTree = SDKROOT; };
		8096A8AF1636E80C0092F049 /* CoreGraphics.framework */ = {isa = PBXFileReference; lastKnownFileType = wrapper.framework; name = CoreGraphics.framework; path = System/Library/Frameworks/CoreGraphics.framework; sourceTree = SDKROOT; };
		8096A8B31636E80C0092F049 /* SpeakUp-Info.plist */ = {isa = PBXFileReference; lastKnownFileType = text.plist.xml; path = "SpeakUp-Info.plist"; sourceTree = "<group>"; };
		8096A8B51636E80C0092F049 /* en */ = {isa = PBXFileReference; lastKnownFileType = text.plist.strings; name = en; path = en.lproj/InfoPlist.strings; sourceTree = "<group>"; };
		8096A8B71636E80C0092F049 /* main.m */ = {isa = PBXFileReference; lastKnownFileType = sourcecode.c.objc; path = main.m; sourceTree = "<group>"; };
		8096A8B91636E80C0092F049 /* SpeakUp-Prefix.pch */ = {isa = PBXFileReference; lastKnownFileType = sourcecode.c.h; path = "SpeakUp-Prefix.pch"; sourceTree = "<group>"; };
		8096A8BA1636E80C0092F049 /* AppDelegate.h */ = {isa = PBXFileReference; lastKnownFileType = sourcecode.c.h; path = AppDelegate.h; sourceTree = "<group>"; };
		8096A8BB1636E80C0092F049 /* AppDelegate.m */ = {isa = PBXFileReference; lastKnownFileType = sourcecode.c.objc; path = AppDelegate.m; sourceTree = "<group>"; };
		8096A8C81636E9C60092F049 /* CopyLabel.h */ = {isa = PBXFileReference; fileEncoding = 4; lastKnownFileType = sourcecode.c.h; path = CopyLabel.h; sourceTree = "<group>"; };
		8096A8C91636E9C60092F049 /* CopyLabel.m */ = {isa = PBXFileReference; fileEncoding = 4; lastKnownFileType = sourcecode.c.objc; path = CopyLabel.m; sourceTree = "<group>"; };
		8096A8CC1636E9C60092F049 /* InputViewController.h */ = {isa = PBXFileReference; fileEncoding = 4; lastKnownFileType = sourcecode.c.h; path = InputViewController.h; sourceTree = "<group>"; };
		8096A8CD1636E9C60092F049 /* InputViewController.m */ = {isa = PBXFileReference; fileEncoding = 4; lastKnownFileType = sourcecode.c.objc; path = InputViewController.m; sourceTree = "<group>"; };
		8096A8D01636E9C60092F049 /* MainStoryboard.storyboard */ = {isa = PBXFileReference; fileEncoding = 4; lastKnownFileType = file.storyboard; name = MainStoryboard.storyboard; path = SpeakUp/MainStoryboard.storyboard; sourceTree = "<group>"; };
		8096A8D11636E9C60092F049 /* Message.h */ = {isa = PBXFileReference; fileEncoding = 4; lastKnownFileType = sourcecode.c.h; path = Message.h; sourceTree = "<group>"; };
		8096A8D21636E9C60092F049 /* Message.m */ = {isa = PBXFileReference; fileEncoding = 4; lastKnownFileType = sourcecode.c.objc; path = Message.m; sourceTree = "<group>"; };
		8096A8D51636E9C60092F049 /* MessageManagerDelegate.h */ = {isa = PBXFileReference; fileEncoding = 4; lastKnownFileType = sourcecode.c.h; path = MessageManagerDelegate.h; sourceTree = "<group>"; };
		8096A8D61636E9C60092F049 /* MessageTableViewController.h */ = {isa = PBXFileReference; fileEncoding = 4; lastKnownFileType = sourcecode.c.h; path = MessageTableViewController.h; sourceTree = "<group>"; };
		8096A8D71636E9C60092F049 /* MessageTableViewController.m */ = {isa = PBXFileReference; fileEncoding = 4; lastKnownFileType = sourcecode.c.objc; path = MessageTableViewController.m; sourceTree = "<group>"; };
		8096A8D81636E9C60092F049 /* NewRoomViewController.h */ = {isa = PBXFileReference; fileEncoding = 4; lastKnownFileType = sourcecode.c.h; path = NewRoomViewController.h; sourceTree = "<group>"; };
		8096A8D91636E9C60092F049 /* NewRoomViewController.m */ = {isa = PBXFileReference; fileEncoding = 4; lastKnownFileType = sourcecode.c.objc; path = NewRoomViewController.m; sourceTree = "<group>"; };
		8096A8DA1636E9C60092F049 /* noMsg.png */ = {isa = PBXFileReference; lastKnownFileType = image.png; path = noMsg.png; sourceTree = "<group>"; };
		8096A8DB1636E9C60092F049 /* non-official-room.png */ = {isa = PBXFileReference; lastKnownFileType = image.png; path = "non-official-room.png"; sourceTree = "<group>"; };
		8096A8DC1636E9C60092F049 /* noroom.png */ = {isa = PBXFileReference; lastKnownFileType = image.png; path = noroom.png; sourceTree = "<group>"; };
		8096A8DD1636E9C60092F049 /* noroomhand.png */ = {isa = PBXFileReference; lastKnownFileType = image.png; path = noroomhand.png; sourceTree = "<group>"; };
		8096A8DE1636E9C60092F049 /* official-room.png */ = {isa = PBXFileReference; lastKnownFileType = image.png; path = "official-room.png"; sourceTree = "<group>"; };
		8096A8E11636E9C60092F049 /* PeerManagerDelegate.h */ = {isa = PBXFileReference; fileEncoding = 4; lastKnownFileType = sourcecode.c.h; path = PeerManagerDelegate.h; sourceTree = "<group>"; };
		8096A8E41636E9C60092F049 /* Room.h */ = {isa = PBXFileReference; fileEncoding = 4; lastKnownFileType = sourcecode.c.h; path = Room.h; sourceTree = "<group>"; };
		8096A8E51636E9C60092F049 /* Room.m */ = {isa = PBXFileReference; fileEncoding = 4; lastKnownFileType = sourcecode.c.objc; path = Room.m; sourceTree = "<group>"; };
		8096A8E81636E9C60092F049 /* RoomManagerDelegate.h */ = {isa = PBXFileReference; fileEncoding = 4; lastKnownFileType = sourcecode.c.h; path = RoomManagerDelegate.h; sourceTree = "<group>"; };
		8096A8E91636E9C60092F049 /* RoomTableViewController.h */ = {isa = PBXFileReference; fileEncoding = 4; lastKnownFileType = sourcecode.c.h; path = RoomTableViewController.h; sourceTree = "<group>"; };
		8096A8EA1636E9C60092F049 /* RoomTableViewController.m */ = {isa = PBXFileReference; fileEncoding = 4; lastKnownFileType = sourcecode.c.objc; path = RoomTableViewController.m; sourceTree = "<group>"; };
		8096A8ED1636E9C60092F049 /* tDown1.png */ = {isa = PBXFileReference; lastKnownFileType = image.png; path = tDown1.png; sourceTree = "<group>"; };
		8096A8EE1636E9C60092F049 /* tDownP1.png */ = {isa = PBXFileReference; lastKnownFileType = image.png; path = tDownP1.png; sourceTree = "<group>"; };
		8096A8EF1636E9C60092F049 /* tUp1.png */ = {isa = PBXFileReference; lastKnownFileType = image.png; path = tUp1.png; sourceTree = "<group>"; };
		8096A8F01636E9C60092F049 /* tUpP1.png */ = {isa = PBXFileReference; lastKnownFileType = image.png; path = tUpP1.png; sourceTree = "<group>"; };
		8096A90B1636E9DA0092F049 /* EGORefreshTableHeaderView.h */ = {isa = PBXFileReference; fileEncoding = 4; lastKnownFileType = sourcecode.c.h; path = EGORefreshTableHeaderView.h; sourceTree = "<group>"; };
		8096A90C1636E9DA0092F049 /* EGORefreshTableHeaderView.m */ = {isa = PBXFileReference; fileEncoding = 4; lastKnownFileType = sourcecode.c.objc; path = EGORefreshTableHeaderView.m; sourceTree = "<group>"; };
		8096A90E1636E9DA0092F049 /* blackArrow.png */ = {isa = PBXFileReference; lastKnownFileType = image.png; path = blackArrow.png; sourceTree = "<group>"; };
		8096A90F1636E9DA0092F049 /* blackArrow@2x.png */ = {isa = PBXFileReference; lastKnownFileType = image.png; path = "blackArrow@2x.png"; sourceTree = "<group>"; };
		8096A9101636E9DA0092F049 /* blueArrow.png */ = {isa = PBXFileReference; lastKnownFileType = image.png; path = blueArrow.png; sourceTree = "<group>"; };
		8096A9111636E9DA0092F049 /* blueArrow@2x.png */ = {isa = PBXFileReference; lastKnownFileType = image.png; path = "blueArrow@2x.png"; sourceTree = "<group>"; };
		8096A9121636E9DA0092F049 /* grayArrow.png */ = {isa = PBXFileReference; lastKnownFileType = image.png; path = grayArrow.png; sourceTree = "<group>"; };
		8096A9131636E9DA0092F049 /* grayArrow@2x.png */ = {isa = PBXFileReference; lastKnownFileType = image.png; path = "grayArrow@2x.png"; sourceTree = "<group>"; };
		8096A9141636E9DA0092F049 /* whiteArrow.png */ = {isa = PBXFileReference; lastKnownFileType = image.png; path = whiteArrow.png; sourceTree = "<group>"; };
		8096A9151636E9DA0092F049 /* whiteArrow@2x.png */ = {isa = PBXFileReference; lastKnownFileType = image.png; path = "whiteArrow@2x.png"; sourceTree = "<group>"; };
		8096A9231636F37D0092F049 /* QuartzCore.framework */ = {isa = PBXFileReference; lastKnownFileType = wrapper.framework; name = QuartzCore.framework; path = System/Library/Frameworks/QuartzCore.framework; sourceTree = SDKROOT; };
		8096A9251636F39B0092F049 /* CoreLocation.framework */ = {isa = PBXFileReference; lastKnownFileType = wrapper.framework; name = CoreLocation.framework; path = System/Library/Frameworks/CoreLocation.framework; sourceTree = SDKROOT; };
		8096A9271636F3FD0092F049 /* MessageUI.framework */ = {isa = PBXFileReference; lastKnownFileType = wrapper.framework; name = MessageUI.framework; path = System/Library/Frameworks/MessageUI.framework; sourceTree = SDKROOT; };
		8096A92D1636F7E60092F049 /* chevron.png */ = {isa = PBXFileReference; lastKnownFileType = image.png; path = chevron.png; sourceTree = "<group>"; };
		80A6704E17381C3C0082275E /* SocketIO.h */ = {isa = PBXFileReference; fileEncoding = 4; lastKnownFileType = sourcecode.c.h; path = SocketIO.h; sourceTree = "<group>"; };
		80A6704F17381C3C0082275E /* SocketIO.m */ = {isa = PBXFileReference; fileEncoding = 4; lastKnownFileType = sourcecode.c.objc; path = SocketIO.m; sourceTree = "<group>"; };
		80A6705017381C3C0082275E /* SocketIOJSONSerialization.h */ = {isa = PBXFileReference; fileEncoding = 4; lastKnownFileType = sourcecode.c.h; path = SocketIOJSONSerialization.h; sourceTree = "<group>"; };
		80A6705117381C3C0082275E /* SocketIOJSONSerialization.m */ = {isa = PBXFileReference; fileEncoding = 4; lastKnownFileType = sourcecode.c.objc; path = SocketIOJSONSerialization.m; sourceTree = "<group>"; };
		80A6705217381C3C0082275E /* SocketIOPacket.h */ = {isa = PBXFileReference; fileEncoding = 4; lastKnownFileType = sourcecode.c.h; path = SocketIOPacket.h; sourceTree = "<group>"; };
		80A6705317381C3C0082275E /* SocketIOPacket.m */ = {isa = PBXFileReference; fileEncoding = 4; lastKnownFileType = sourcecode.c.objc; path = SocketIOPacket.m; sourceTree = "<group>"; };
		80A6705417381C3C0082275E /* SocketIOTransport.h */ = {isa = PBXFileReference; fileEncoding = 4; lastKnownFileType = sourcecode.c.h; path = SocketIOTransport.h; sourceTree = "<group>"; };
		80A6705517381C3C0082275E /* SocketIOTransportWebsocket.h */ = {isa = PBXFileReference; fileEncoding = 4; lastKnownFileType = sourcecode.c.h; path = SocketIOTransportWebsocket.h; sourceTree = "<group>"; };
		80A6705617381C3C0082275E /* SocketIOTransportWebsocket.m */ = {isa = PBXFileReference; fileEncoding = 4; lastKnownFileType = sourcecode.c.objc; path = SocketIOTransportWebsocket.m; sourceTree = "<group>"; };
		80A6705717381C3C0082275E /* SocketIOTransportXHR.h */ = {isa = PBXFileReference; fileEncoding = 4; lastKnownFileType = sourcecode.c.h; path = SocketIOTransportXHR.h; sourceTree = "<group>"; };
		80A6705817381C3C0082275E /* SocketIOTransportXHR.m */ = {isa = PBXFileReference; fileEncoding = 4; lastKnownFileType = sourcecode.c.objc; path = SocketIOTransportXHR.m; sourceTree = "<group>"; };
		80EEBC5216D3C07C001B87FA /* iPadStoryboard.storyboard */ = {isa = PBXFileReference; fileEncoding = 4; lastKnownFileType = file.storyboard; path = iPadStoryboard.storyboard; sourceTree = "<group>"; };
		80FB4C3C17251EE40004965A /* base64.c */ = {isa = PBXFileReference; fileEncoding = 4; lastKnownFileType = sourcecode.c.c; name = base64.c; path = SocketRocket/base64.c; sourceTree = "<group>"; };
		80FB4C3D17251EE40004965A /* base64.h */ = {isa = PBXFileReference; fileEncoding = 4; lastKnownFileType = sourcecode.c.h; name = base64.h; path = SocketRocket/base64.h; sourceTree = "<group>"; };
		80FB4C3E17251EE40004965A /* NSData+SRB64Additions.h */ = {isa = PBXFileReference; fileEncoding = 4; lastKnownFileType = sourcecode.c.h; name = "NSData+SRB64Additions.h"; path = "SocketRocket/NSData+SRB64Additions.h"; sourceTree = "<group>"; };
		80FB4C3F17251EE40004965A /* NSData+SRB64Additions.m */ = {isa = PBXFileReference; fileEncoding = 4; lastKnownFileType = sourcecode.c.objc; name = "NSData+SRB64Additions.m"; path = "SocketRocket/NSData+SRB64Additions.m"; sourceTree = "<group>"; };
		80FB4C4017251EE40004965A /* SocketRocket-Prefix.pch */ = {isa = PBXFileReference; fileEncoding = 4; lastKnownFileType = sourcecode.c.h; name = "SocketRocket-Prefix.pch"; path = "SocketRocket/SocketRocket-Prefix.pch"; sourceTree = "<group>"; };
		80FB4C4117251EE40004965A /* SRWebSocket.h */ = {isa = PBXFileReference; fileEncoding = 4; lastKnownFileType = sourcecode.c.h; name = SRWebSocket.h; path = SocketRocket/SRWebSocket.h; sourceTree = "<group>"; };
		80FB4C4217251EE40004965A /* SRWebSocket.m */ = {isa = PBXFileReference; fileEncoding = 4; lastKnownFileType = sourcecode.c.objc; name = SRWebSocket.m; path = SocketRocket/SRWebSocket.m; sourceTree = "<group>"; };
		80FB4C4617251F460004965A /* CFNetwork.framework */ = {isa = PBXFileReference; lastKnownFileType = wrapper.framework; name = CFNetwork.framework; path = System/Library/Frameworks/CFNetwork.framework; sourceTree = SDKROOT; };
		80FB4C4817251F540004965A /* libicucore.dylib */ = {isa = PBXFileReference; lastKnownFileType = "compiled.mach-o.dylib"; name = libicucore.dylib; path = usr/lib/libicucore.dylib; sourceTree = SDKROOT; };
		80FB4C4A17251F5D0004965A /* Security.framework */ = {isa = PBXFileReference; lastKnownFileType = wrapper.framework; name = Security.framework; path = System/Library/Frameworks/Security.framework; sourceTree = SDKROOT; };
/* End PBXFileReference section */

/* Begin PBXFrameworksBuildPhase section */
		8096A8A41636E80B0092F049 /* Frameworks */ = {
			isa = PBXFrameworksBuildPhase;
			buildActionMask = 2147483647;
			files = (
				80FB4C4B17251F5D0004965A /* Security.framework in Frameworks */,
				80FB4C4917251F540004965A /* libicucore.dylib in Frameworks */,
				80FB4C4717251F460004965A /* CFNetwork.framework in Frameworks */,
				80939B88166E0D7D0079BEF0 /* MapKit.framework in Frameworks */,
				8096A9281636F3FD0092F049 /* MessageUI.framework in Frameworks */,
				8096A9261636F39C0092F049 /* CoreLocation.framework in Frameworks */,
				8096A9241636F37E0092F049 /* QuartzCore.framework in Frameworks */,
				8096A8AC1636E80C0092F049 /* UIKit.framework in Frameworks */,
				8096A8AE1636E80C0092F049 /* Foundation.framework in Frameworks */,
				8096A8B01636E80C0092F049 /* CoreGraphics.framework in Frameworks */,
			);
			runOnlyForDeploymentPostprocessing = 0;
		};
/* End PBXFrameworksBuildPhase section */

/* Begin PBXGroup section */
		8096A89C1636E80B0092F049 = {
			isa = PBXGroup;
			children = (
				80A6704D17381C150082275E /* Socket.io */,
				80FB4C3B17251E950004965A /* SocketRocket */,
				80EEBC5216D3C07C001B87FA /* iPadStoryboard.storyboard */,
				8096A8D01636E9C60092F049 /* MainStoryboard.storyboard */,
				8096A8B11636E80C0092F049 /* SpeakUp */,
				8096A8AA1636E80C0092F049 /* Frameworks */,
				8096A8A81636E80C0092F049 /* Products */,
			);
			sourceTree = "<group>";
		};
		8096A8A81636E80C0092F049 /* Products */ = {
			isa = PBXGroup;
			children = (
				8096A8A71636E80C0092F049 /* SpeakUp.app */,
			);
			name = Products;
			sourceTree = "<group>";
		};
		8096A8AA1636E80C0092F049 /* Frameworks */ = {
			isa = PBXGroup;
			children = (
				80FB4C4817251F540004965A /* libicucore.dylib */,
				80FB4C4A17251F5D0004965A /* Security.framework */,
				80FB4C4617251F460004965A /* CFNetwork.framework */,
				80939B87166E0D7D0079BEF0 /* MapKit.framework */,
				8096A9231636F37D0092F049 /* QuartzCore.framework */,
				8096A9251636F39B0092F049 /* CoreLocation.framework */,
				8096A9271636F3FD0092F049 /* MessageUI.framework */,
				8096A8AB1636E80C0092F049 /* UIKit.framework */,
				8096A8AD1636E80C0092F049 /* Foundation.framework */,
				8096A8AF1636E80C0092F049 /* CoreGraphics.framework */,
			);
			name = Frameworks;
			sourceTree = "<group>";
		};
		8096A8B11636E80C0092F049 /* SpeakUp */ = {
			isa = PBXGroup;
			children = (
				8090FE6A1664FC6A005A6358 /* SpeakUpManager.h */,
				8090FE6B1664FC6A005A6358 /* SpeakUpManager.m */,
				8090FE6C1664FC6A005A6358 /* SpeakUpManagerDelegate.h */,
				8096A8E81636E9C60092F049 /* RoomManagerDelegate.h */,
				8096A8D51636E9C60092F049 /* MessageManagerDelegate.h */,
				8096A8E11636E9C60092F049 /* PeerManagerDelegate.h */,
				8096A9211636EA750092F049 /* Model */,
				8096A9201636EA260092F049 /* ViewControllers */,
				8096A91F1636E9E40092F049 /* Images */,
				8096A8B21636E80C0092F049 /* Supporting Files */,
			);
			path = SpeakUp;
			sourceTree = "<group>";
		};
		8096A8B21636E80C0092F049 /* Supporting Files */ = {
			isa = PBXGroup;
			children = (
				8096A8BA1636E80C0092F049 /* AppDelegate.h */,
				8096A8BB1636E80C0092F049 /* AppDelegate.m */,
				8096A8B31636E80C0092F049 /* SpeakUp-Info.plist */,
				8096A8B41636E80C0092F049 /* InfoPlist.strings */,
				8096A8B71636E80C0092F049 /* main.m */,
				8096A8B91636E80C0092F049 /* SpeakUp-Prefix.pch */,
			);
			name = "Supporting Files";
			sourceTree = "<group>";
		};
		8096A90A1636E9DA0092F049 /* RefreshView */ = {
			isa = PBXGroup;
			children = (
				8096A90B1636E9DA0092F049 /* EGORefreshTableHeaderView.h */,
				8096A90C1636E9DA0092F049 /* EGORefreshTableHeaderView.m */,
				8096A90D1636E9DA0092F049 /* Resources */,
			);
			path = RefreshView;
			sourceTree = "<group>";
		};
		8096A90D1636E9DA0092F049 /* Resources */ = {
			isa = PBXGroup;
			children = (
				8096A90E1636E9DA0092F049 /* blackArrow.png */,
				8096A90F1636E9DA0092F049 /* blackArrow@2x.png */,
				8096A9101636E9DA0092F049 /* blueArrow.png */,
				8096A9111636E9DA0092F049 /* blueArrow@2x.png */,
				8096A9121636E9DA0092F049 /* grayArrow.png */,
				8096A9131636E9DA0092F049 /* grayArrow@2x.png */,
				8096A9141636E9DA0092F049 /* whiteArrow.png */,
				8096A9151636E9DA0092F049 /* whiteArrow@2x.png */,
			);
			path = Resources;
			sourceTree = "<group>";
		};
		8096A91F1636E9E40092F049 /* Images */ = {
			isa = PBXGroup;
			children = (
				8096A92D1636F7E60092F049 /* chevron.png */,
				80864DE216FF649700ED1724 /* non-official-room-mine.png */,
				80864DE316FF649700ED1724 /* official-room-notmine.png */,
				8089F92E16E4E0860081E322 /* Default-Landscape@2x~ipad.png */,
				8089F92C16E4E06F0081E322 /* Default-Landscape~ipad.png */,
				8089F92A16E4DFE80081E322 /* Default-Portrait@2x~ipad.png */,
				8089F92816E4DED00081E322 /* Default-568h@2x.png */,
				8089F92616E4DE330081E322 /* Default@2x.png */,
				8089F92416E4DDBD0081E322 /* Default-Portrait~ipad.png */,
				8089F92216E4DDAC0081E322 /* Default.png */,
				8089F92016E4DC620081E322 /* speakUPlogoiPad.png */,
				8089F91E16E4DBFE0081E322 /* speakUPlogoRetinaiPad.png */,
				8089F91C16E4DB480081E322 /* speakUPlogoNotRetina.png */,
				8089F91A16E4DB0E0081E322 /* speakUPlogoRetina.png */,
				8096A8DA1636E9C60092F049 /* noMsg.png */,
				8096A8DB1636E9C60092F049 /* non-official-room.png */,
				8096A8DC1636E9C60092F049 /* noroom.png */,
				8096A8DD1636E9C60092F049 /* noroomhand.png */,
				8096A8DE1636E9C60092F049 /* official-room.png */,
				8096A8ED1636E9C60092F049 /* tDown1.png */,
				8096A8EE1636E9C60092F049 /* tDownP1.png */,
				8096A8EF1636E9C60092F049 /* tUp1.png */,
				8096A8F01636E9C60092F049 /* tUpP1.png */,
			);
			name = Images;
			sourceTree = "<group>";
		};
		8096A9201636EA260092F049 /* ViewControllers */ = {
			isa = PBXGroup;
			children = (
				8096A90A1636E9DA0092F049 /* RefreshView */,
				8096A9301636F9D30092F049 /* CopyPaste */,
				8096A8E91636E9C60092F049 /* RoomTableViewController.h */,
				8096A8EA1636E9C60092F049 /* RoomTableViewController.m */,
				8096A8CC1636E9C60092F049 /* InputViewController.h */,
				8096A8CD1636E9C60092F049 /* InputViewController.m */,
				8096A8D61636E9C60092F049 /* MessageTableViewController.h */,
				8096A8D71636E9C60092F049 /* MessageTableViewController.m */,
				8096A8D81636E9C60092F049 /* NewRoomViewController.h */,
				8096A8D91636E9C60092F049 /* NewRoomViewController.m */,
			);
			name = ViewControllers;
			sourceTree = "<group>";
		};
		8096A9211636EA750092F049 /* Model */ = {
			isa = PBXGroup;
			children = (
				8096A8D11636E9C60092F049 /* Message.h */,
				8096A8D21636E9C60092F049 /* Message.m */,
				8096A8E41636E9C60092F049 /* Room.h */,
				8096A8E51636E9C60092F049 /* Room.m */,
			);
			name = Model;
			sourceTree = "<group>";
		};
		8096A9301636F9D30092F049 /* CopyPaste */ = {
			isa = PBXGroup;
			children = (
				8096A8C81636E9C60092F049 /* CopyLabel.h */,
				8096A8C91636E9C60092F049 /* CopyLabel.m */,
			);
			name = CopyPaste;
			sourceTree = "<group>";
		};
		80A6704D17381C150082275E /* Socket.io */ = {
			isa = PBXGroup;
			children = (
				80A6704E17381C3C0082275E /* SocketIO.h */,
				80A6704F17381C3C0082275E /* SocketIO.m */,
				80A6705017381C3C0082275E /* SocketIOJSONSerialization.h */,
				80A6705117381C3C0082275E /* SocketIOJSONSerialization.m */,
				80A6705217381C3C0082275E /* SocketIOPacket.h */,
				80A6705317381C3C0082275E /* SocketIOPacket.m */,
				80A6705417381C3C0082275E /* SocketIOTransport.h */,
				80A6705517381C3C0082275E /* SocketIOTransportWebsocket.h */,
				80A6705617381C3C0082275E /* SocketIOTransportWebsocket.m */,
				80A6705717381C3C0082275E /* SocketIOTransportXHR.h */,
				80A6705817381C3C0082275E /* SocketIOTransportXHR.m */,
			);
			name = Socket.io;
			sourceTree = "<group>";
		};
		80FB4C3B17251E950004965A /* SocketRocket */ = {
			isa = PBXGroup;
			children = (
				80FB4C3C17251EE40004965A /* base64.c */,
				80FB4C3D17251EE40004965A /* base64.h */,
				80FB4C3E17251EE40004965A /* NSData+SRB64Additions.h */,
				80FB4C3F17251EE40004965A /* NSData+SRB64Additions.m */,
				80FB4C4017251EE40004965A /* SocketRocket-Prefix.pch */,
				80FB4C4117251EE40004965A /* SRWebSocket.h */,
				80FB4C4217251EE40004965A /* SRWebSocket.m */,
			);
			name = SocketRocket;
			sourceTree = "<group>";
		};
/* End PBXGroup section */

/* Begin PBXNativeTarget section */
		8096A8A61636E80B0092F049 /* SpeakUp */ = {
			isa = PBXNativeTarget;
			buildConfigurationList = 8096A8C51636E80C0092F049 /* Build configuration list for PBXNativeTarget "SpeakUp" */;
			buildPhases = (
				8096A8A31636E80B0092F049 /* Sources */,
				8096A8A41636E80B0092F049 /* Frameworks */,
				8096A8A51636E80B0092F049 /* Resources */,
			);
			buildRules = (
			);
			dependencies = (
			);
			name = SpeakUp;
			productName = SpeakUp;
			productReference = 8096A8A71636E80C0092F049 /* SpeakUp.app */;
			productType = "com.apple.product-type.application";
		};
/* End PBXNativeTarget section */

/* Begin PBXProject section */
		8096A89E1636E80B0092F049 /* Project object */ = {
			isa = PBXProject;
			attributes = {
				LastUpgradeCheck = 0450;
				ORGANIZATIONNAME = "Adrian Holzer";
			};
			buildConfigurationList = 8096A8A11636E80B0092F049 /* Build configuration list for PBXProject "SpeakUp" */;
			compatibilityVersion = "Xcode 3.2";
			developmentRegion = English;
			hasScannedForEncodings = 0;
			knownRegions = (
				en,
			);
			mainGroup = 8096A89C1636E80B0092F049;
			productRefGroup = 8096A8A81636E80C0092F049 /* Products */;
			projectDirPath = "";
			projectRoot = "";
			targets = (
				8096A8A61636E80B0092F049 /* SpeakUp */,
			);
		};
/* End PBXProject section */

/* Begin PBXResourcesBuildPhase section */
		8096A8A51636E80B0092F049 /* Resources */ = {
			isa = PBXResourcesBuildPhase;
			buildActionMask = 2147483647;
			files = (
				8096A8B61636E80C0092F049 /* InfoPlist.strings in Resources */,
				8096A8F51636E9C60092F049 /* MainStoryboard.storyboard in Resources */,
				8096A8FA1636E9C60092F049 /* noMsg.png in Resources */,
				8096A8FB1636E9C60092F049 /* non-official-room.png in Resources */,
				8096A8FC1636E9C60092F049 /* noroom.png in Resources */,
				8096A8FD1636E9C60092F049 /* noroomhand.png in Resources */,
				8096A8FE1636E9C60092F049 /* official-room.png in Resources */,
				8096A9061636E9C60092F049 /* tDown1.png in Resources */,
				8096A9071636E9C60092F049 /* tDownP1.png in Resources */,
				8096A9081636E9C60092F049 /* tUp1.png in Resources */,
				8096A9091636E9C60092F049 /* tUpP1.png in Resources */,
				8096A9171636E9DA0092F049 /* blackArrow.png in Resources */,
				8096A9181636E9DA0092F049 /* blackArrow@2x.png in Resources */,
				8096A9191636E9DA0092F049 /* blueArrow.png in Resources */,
				8096A91A1636E9DA0092F049 /* blueArrow@2x.png in Resources */,
				8096A91B1636E9DA0092F049 /* grayArrow.png in Resources */,
				8096A91C1636E9DA0092F049 /* grayArrow@2x.png in Resources */,
				8096A91D1636E9DA0092F049 /* whiteArrow.png in Resources */,
				8096A91E1636E9DA0092F049 /* whiteArrow@2x.png in Resources */,
				8096A92E1636F7E60092F049 /* chevron.png in Resources */,
				80EEBC5316D3C07C001B87FA /* iPadStoryboard.storyboard in Resources */,
				8089F91B16E4DB0E0081E322 /* speakUPlogoRetina.png in Resources */,
				8089F91D16E4DB480081E322 /* speakUPlogoNotRetina.png in Resources */,
				8089F91F16E4DBFE0081E322 /* speakUPlogoRetinaiPad.png in Resources */,
				8089F92116E4DC620081E322 /* speakUPlogoiPad.png in Resources */,
				8089F92316E4DDAC0081E322 /* Default.png in Resources */,
				8089F92516E4DDBD0081E322 /* Default-Portrait~ipad.png in Resources */,
				8089F92716E4DE330081E322 /* Default@2x.png in Resources */,
				8089F92916E4DED00081E322 /* Default-568h@2x.png in Resources */,
				8089F92B16E4DFE80081E322 /* Default-Portrait@2x~ipad.png in Resources */,
				8089F92D16E4E06F0081E322 /* Default-Landscape~ipad.png in Resources */,
				8089F92F16E4E0860081E322 /* Default-Landscape@2x~ipad.png in Resources */,
				80864DE416FF649700ED1724 /* non-official-room-mine.png in Resources */,
				80864DE516FF649700ED1724 /* official-room-notmine.png in Resources */,
			);
			runOnlyForDeploymentPostprocessing = 0;
		};
/* End PBXResourcesBuildPhase section */

/* Begin PBXSourcesBuildPhase section */
		8096A8A31636E80B0092F049 /* Sources */ = {
			isa = PBXSourcesBuildPhase;
			buildActionMask = 2147483647;
			files = (
				8096A8B81636E80C0092F049 /* main.m in Sources */,
				8096A8BC1636E80C0092F049 /* AppDelegate.m in Sources */,
				8096A8F11636E9C60092F049 /* CopyLabel.m in Sources */,
				8096A8F31636E9C60092F049 /* InputViewController.m in Sources */,
				8096A8F61636E9C60092F049 /* Message.m in Sources */,
				8096A8F81636E9C60092F049 /* MessageTableViewController.m in Sources */,
				8096A8F91636E9C60092F049 /* NewRoomViewController.m in Sources */,
				8096A9011636E9C60092F049 /* Room.m in Sources */,
				8096A9031636E9C60092F049 /* RoomTableViewController.m in Sources */,
				8096A9161636E9DA0092F049 /* EGORefreshTableHeaderView.m in Sources */,
				8090FE6D1664FC6A005A6358 /* SpeakUpManager.m in Sources */,
				80FB4C4317251EE40004965A /* base64.c in Sources */,
				80FB4C4417251EE40004965A /* NSData+SRB64Additions.m in Sources */,
				80FB4C4517251EE40004965A /* SRWebSocket.m in Sources */,
				80A6705917381C3C0082275E /* SocketIO.m in Sources */,
				80A6705A17381C3C0082275E /* SocketIOJSONSerialization.m in Sources */,
				80A6705B17381C3C0082275E /* SocketIOPacket.m in Sources */,
				80A6705C17381C3C0082275E /* SocketIOTransportWebsocket.m in Sources */,
				80A6705D17381C3C0082275E /* SocketIOTransportXHR.m in Sources */,
			);
			runOnlyForDeploymentPostprocessing = 0;
		};
/* End PBXSourcesBuildPhase section */

/* Begin PBXVariantGroup section */
		8096A8B41636E80C0092F049 /* InfoPlist.strings */ = {
			isa = PBXVariantGroup;
			children = (
				8096A8B51636E80C0092F049 /* en */,
			);
			name = InfoPlist.strings;
			sourceTree = "<group>";
		};
/* End PBXVariantGroup section */

/* Begin XCBuildConfiguration section */
		8096A8C31636E80C0092F049 /* Debug */ = {
			isa = XCBuildConfiguration;
			buildSettings = {
				ALWAYS_SEARCH_USER_PATHS = NO;
				CLANG_CXX_LANGUAGE_STANDARD = "gnu++0x";
				CLANG_CXX_LIBRARY = "libc++";
				CLANG_ENABLE_OBJC_ARC = YES;
				CLANG_WARN_EMPTY_BODY = YES;
				CLANG_WARN__DUPLICATE_METHOD_MATCH = YES;
				"CODE_SIGN_IDENTITY[sdk=iphoneos*]" = "iPhone Developer";
				COPY_PHASE_STRIP = NO;
				GCC_C_LANGUAGE_STANDARD = gnu99;
				GCC_DYNAMIC_NO_PIC = NO;
				GCC_OPTIMIZATION_LEVEL = 0;
				GCC_PREPROCESSOR_DEFINITIONS = (
					"DEBUG=1",
					"$(inherited)",
				);
				GCC_SYMBOLS_PRIVATE_EXTERN = NO;
				GCC_WARN_ABOUT_RETURN_TYPE = YES;
				GCC_WARN_UNINITIALIZED_AUTOS = YES;
				GCC_WARN_UNUSED_VARIABLE = YES;
				IPHONEOS_DEPLOYMENT_TARGET = 6.0;
				ONLY_ACTIVE_ARCH = YES;
				SDKROOT = iphoneos;
			};
			name = Debug;
		};
		8096A8C41636E80C0092F049 /* Release */ = {
			isa = XCBuildConfiguration;
			buildSettings = {
				ALWAYS_SEARCH_USER_PATHS = NO;
				CLANG_CXX_LANGUAGE_STANDARD = "gnu++0x";
				CLANG_CXX_LIBRARY = "libc++";
				CLANG_ENABLE_OBJC_ARC = YES;
				CLANG_WARN_EMPTY_BODY = YES;
				CLANG_WARN__DUPLICATE_METHOD_MATCH = YES;
				"CODE_SIGN_IDENTITY[sdk=iphoneos*]" = "iPhone Developer";
				COPY_PHASE_STRIP = YES;
				GCC_C_LANGUAGE_STANDARD = gnu99;
				GCC_WARN_ABOUT_RETURN_TYPE = YES;
				GCC_WARN_UNINITIALIZED_AUTOS = YES;
				GCC_WARN_UNUSED_VARIABLE = YES;
				IPHONEOS_DEPLOYMENT_TARGET = 6.0;
				OTHER_CFLAGS = "-DNS_BLOCK_ASSERTIONS=1";
				SDKROOT = iphoneos;
				VALIDATE_PRODUCT = YES;
			};
			name = Release;
		};
		8096A8C61636E80C0092F049 /* Debug */ = {
			isa = XCBuildConfiguration;
			buildSettings = {
				CODE_SIGN_IDENTITY = "iPhone Developer";
				"CODE_SIGN_IDENTITY[sdk=iphoneos*]" = "iPhone Developer";
				FRAMEWORK_SEARCH_PATHS = (
					"$(inherited)",
					"\"$(SRCROOT)/SpeakUp\"",
					"\"$(SRCROOT)/..\"",
					"\"$(SRCROOT)\"",
				);
				GCC_PRECOMPILE_PREFIX_HEADER = YES;
				GCC_PREFIX_HEADER = "SpeakUp/SpeakUp-Prefix.pch";
				INFOPLIST_FILE = "SpeakUp/SpeakUp-Info.plist";
				IPHONEOS_DEPLOYMENT_TARGET = 6.0;
				PRODUCT_NAME = "$(TARGET_NAME)";
				PROVISIONING_PROFILE = "";
				"PROVISIONING_PROFILE[sdk=iphoneos*]" = "";
				TARGETED_DEVICE_FAMILY = "1,2";
				WRAPPER_EXTENSION = app;
			};
			name = Debug;
		};
		8096A8C71636E80C0092F049 /* Release */ = {
			isa = XCBuildConfiguration;
			buildSettings = {
				CODE_SIGN_IDENTITY = "iPhone Distribution: University of Lausanne, DopLab (2Y732Q5T2P)";
				"CODE_SIGN_IDENTITY[sdk=iphoneos*]" = "iPhone Distribution: University of Lausanne, DopLab (2Y732Q5T2P)";
				FRAMEWORK_SEARCH_PATHS = (
					"$(inherited)",
					"\"$(SRCROOT)/SpeakUp\"",
					"\"$(SRCROOT)/..\"",
					"\"$(SRCROOT)\"",
				);
				GCC_PRECOMPILE_PREFIX_HEADER = YES;
				GCC_PREFIX_HEADER = "SpeakUp/SpeakUp-Prefix.pch";
				INFOPLIST_FILE = "SpeakUp/SpeakUp-Info.plist";
				IPHONEOS_DEPLOYMENT_TARGET = 6.0;
				PRODUCT_NAME = "$(TARGET_NAME)";
				PROVISIONING_PROFILE = "";
				"PROVISIONING_PROFILE[sdk=iphoneos*]" = "";
				TARGETED_DEVICE_FAMILY = "1,2";
				WRAPPER_EXTENSION = app;
			};
			name = Release;
		};
/* End XCBuildConfiguration section */

/* Begin XCConfigurationList section */
		8096A8A11636E80B0092F049 /* Build configuration list for PBXProject "SpeakUp" */ = {
			isa = XCConfigurationList;
			buildConfigurations = (
				8096A8C31636E80C0092F049 /* Debug */,
				8096A8C41636E80C0092F049 /* Release */,
			);
			defaultConfigurationIsVisible = 0;
			defaultConfigurationName = Release;
		};
		8096A8C51636E80C0092F049 /* Build configuration list for PBXNativeTarget "SpeakUp" */ = {
			isa = XCConfigurationList;
			buildConfigurations = (
				8096A8C61636E80C0092F049 /* Debug */,
				8096A8C71636E80C0092F049 /* Release */,
			);
			defaultConfigurationIsVisible = 0;
			defaultConfigurationName = Release;
		};
/* End XCConfigurationList section */
	};
	rootObject = 8096A89E1636E80B0092F049 /* Project object */;
}
