// !$*UTF8*$!
{
	archiveVersion = 1;
	classes = {
	};
	objectVersion = 46;
	objects = {

/* Begin PBXBuildFile section */
		80070C951A727E0900256E60 /* GenericStoryboard.storyboard in Resources */ = {isa = PBXBuildFile; fileRef = 80070C941A727E0900256E60 /* GenericStoryboard.storyboard */; };
		802BF65A1B41A280003E9E31 /* LaunchScreen.xib in Resources */ = {isa = PBXBuildFile; fileRef = 802BF6591B41A280003E9E31 /* LaunchScreen.xib */; };
		803165A917BCC8CC003C4E77 /* Localizable.strings in Resources */ = {isa = PBXBuildFile; fileRef = 803165AB17BCC8CC003C4E77 /* Localizable.strings */; };
		80386C3B19FA7FF200DDE7F6 /* thumbDISLIKE_NOTPRESSED@2x.png in Resources */ = {isa = PBXBuildFile; fileRef = 80386C2F19FA7FF200DDE7F6 /* thumbDISLIKE_NOTPRESSED@2x.png */; };
		80386C3C19FA7FF200DDE7F6 /* thumbDISLIKE_PRESSED@2x.png in Resources */ = {isa = PBXBuildFile; fileRef = 80386C3019FA7FF200DDE7F6 /* thumbDISLIKE_PRESSED@2x.png */; };
		80386C3D19FA7FF200DDE7F6 /* thumbLIKE_NOTPRESSED@2x.png in Resources */ = {isa = PBXBuildFile; fileRef = 80386C3119FA7FF200DDE7F6 /* thumbLIKE_NOTPRESSED@2x.png */; };
		80386C3E19FA7FF200DDE7F6 /* thumbLIKE_PRESSED@2x.png in Resources */ = {isa = PBXBuildFile; fileRef = 80386C3219FA7FF200DDE7F6 /* thumbLIKE_PRESSED@2x.png */; };
		803EB69517EDF75100E053EA /* Images.xcassets in Resources */ = {isa = PBXBuildFile; fileRef = 803EB69417EDF75100E053EA /* Images.xcassets */; };
		8048553218EF2352000979E8 /* AdSupport.framework in Frameworks */ = {isa = PBXBuildFile; fileRef = 8048553118EF2352000979E8 /* AdSupport.framework */; };
		8048553318EF240A000979E8 /* CoreData.framework in Frameworks */ = {isa = PBXBuildFile; fileRef = 80AB3D88183E73150005C603 /* CoreData.framework */; };
		8090FE6D1664FC6A005A6358 /* SpeakUpManager.m in Sources */ = {isa = PBXBuildFile; fileRef = 8090FE6B1664FC6A005A6358 /* SpeakUpManager.m */; };
		80939B88166E0D7D0079BEF0 /* MapKit.framework in Frameworks */ = {isa = PBXBuildFile; fileRef = 80939B87166E0D7D0079BEF0 /* MapKit.framework */; };
		8096A8AC1636E80C0092F049 /* UIKit.framework in Frameworks */ = {isa = PBXBuildFile; fileRef = 8096A8AB1636E80C0092F049 /* UIKit.framework */; };
		8096A8AE1636E80C0092F049 /* Foundation.framework in Frameworks */ = {isa = PBXBuildFile; fileRef = 8096A8AD1636E80C0092F049 /* Foundation.framework */; };
		8096A8B01636E80C0092F049 /* CoreGraphics.framework in Frameworks */ = {isa = PBXBuildFile; fileRef = 8096A8AF1636E80C0092F049 /* CoreGraphics.framework */; };
		8096A8B61636E80C0092F049 /* InfoPlist.strings in Resources */ = {isa = PBXBuildFile; fileRef = 8096A8B41636E80C0092F049 /* InfoPlist.strings */; };
		8096A8B81636E80C0092F049 /* main.m in Sources */ = {isa = PBXBuildFile; fileRef = 8096A8B71636E80C0092F049 /* main.m */; };
		8096A8BC1636E80C0092F049 /* AppDelegate.m in Sources */ = {isa = PBXBuildFile; fileRef = 8096A8BB1636E80C0092F049 /* AppDelegate.m */; };
		8096A8F61636E9C60092F049 /* Message.m in Sources */ = {isa = PBXBuildFile; fileRef = 8096A8D21636E9C60092F049 /* Message.m */; };
		8096A8F81636E9C60092F049 /* MessageTableViewController.m in Sources */ = {isa = PBXBuildFile; fileRef = 8096A8D71636E9C60092F049 /* MessageTableViewController.m */; };
		8096A8F91636E9C60092F049 /* NewRoomViewController.m in Sources */ = {isa = PBXBuildFile; fileRef = 8096A8D91636E9C60092F049 /* NewRoomViewController.m */; };
		8096A9011636E9C60092F049 /* Room.m in Sources */ = {isa = PBXBuildFile; fileRef = 8096A8E51636E9C60092F049 /* Room.m */; };
		8096A9031636E9C60092F049 /* RoomTableViewController.m in Sources */ = {isa = PBXBuildFile; fileRef = 8096A8EA1636E9C60092F049 /* RoomTableViewController.m */; };
		8096A9241636F37E0092F049 /* QuartzCore.framework in Frameworks */ = {isa = PBXBuildFile; fileRef = 8096A9231636F37D0092F049 /* QuartzCore.framework */; };
		8096A9281636F3FD0092F049 /* MessageUI.framework in Frameworks */ = {isa = PBXBuildFile; fileRef = 8096A9271636F3FD0092F049 /* MessageUI.framework */; };
		80AB3D8B183E73340005C603 /* SystemConfiguration.framework in Frameworks */ = {isa = PBXBuildFile; fileRef = 80AB3D8A183E73340005C603 /* SystemConfiguration.framework */; };
		80AB3D8D183E73490005C603 /* libz.dylib in Frameworks */ = {isa = PBXBuildFile; fileRef = 80AB3D8C183E73490005C603 /* libz.dylib */; };
		80B3A52B19F27FB600E7CB7C /* button-add1@2x.png in Resources */ = {isa = PBXBuildFile; fileRef = 80B3A51B19F27FB600E7CB7C /* button-add1@2x.png */; };
		80B3A52C19F27FB600E7CB7C /* button-back1@2x.png in Resources */ = {isa = PBXBuildFile; fileRef = 80B3A51C19F27FB600E7CB7C /* button-back1@2x.png */; };
		80B3A52D19F27FB600E7CB7C /* button-refresh@2x.png in Resources */ = {isa = PBXBuildFile; fileRef = 80B3A51D19F27FB600E7CB7C /* button-refresh@2x.png */; };
		80E5E2051B6F898800E153EB /* PacketContent.m in Sources */ = {isa = PBXBuildFile; fileRef = 80E5E2041B6F898800E153EB /* PacketContent.m */; };
		80FB4C4717251F460004965A /* CFNetwork.framework in Frameworks */ = {isa = PBXBuildFile; fileRef = 80FB4C4617251F460004965A /* CFNetwork.framework */; };
		80FB4C4917251F540004965A /* libicucore.dylib in Frameworks */ = {isa = PBXBuildFile; fileRef = 80FB4C4817251F540004965A /* libicucore.dylib */; };
		80FB4C4B17251F5D0004965A /* Security.framework in Frameworks */ = {isa = PBXBuildFile; fileRef = 80FB4C4A17251F5D0004965A /* Security.framework */; };
		AA3A46C01B2085A9007EAFCA /* MultipeerConnectivity.framework in Frameworks */ = {isa = PBXBuildFile; fileRef = AA3A46BF1B2085A9007EAFCA /* MultipeerConnectivity.framework */; };
		AA3A46C11B2085DB007EAFCA /* CoreLocation.framework in Frameworks */ = {isa = PBXBuildFile; fileRef = 8096A9251636F39B0092F049 /* CoreLocation.framework */; };
		AA3A46C31B208610007EAFCA /* CoreBluetooth.framework in Frameworks */ = {isa = PBXBuildFile; fileRef = AA3A46C21B208610007EAFCA /* CoreBluetooth.framework */; };
		AA5296731B3EF4D60017019B /* MH6ShotsProtocol.m in Sources */ = {isa = PBXBuildFile; fileRef = AA52964E1B3EF4D60017019B /* MH6ShotsProtocol.m */; };
		AA5296741B3EF4D60017019B /* MH6ShotsSchedule.m in Sources */ = {isa = PBXBuildFile; fileRef = AA5296501B3EF4D60017019B /* MH6ShotsSchedule.m */; };
		AA5296751B3EF4D60017019B /* MH6ShotsScheduler.m in Sources */ = {isa = PBXBuildFile; fileRef = AA5296521B3EF4D60017019B /* MH6ShotsScheduler.m */; };
		AA5296761B3EF4D60017019B /* MHComputation.m in Sources */ = {isa = PBXBuildFile; fileRef = AA5296541B3EF4D60017019B /* MHComputation.m */; };
		AA5296771B3EF4D60017019B /* MHConfig.m in Sources */ = {isa = PBXBuildFile; fileRef = AA5296561B3EF4D60017019B /* MHConfig.m */; };
		AA5296781B3EF4D60017019B /* MHConnectionBuffer.m in Sources */ = {isa = PBXBuildFile; fileRef = AA5296581B3EF4D60017019B /* MHConnectionBuffer.m */; };
		AA5296791B3EF4D60017019B /* MHConnectionsHandler.m in Sources */ = {isa = PBXBuildFile; fileRef = AA52965A1B3EF4D60017019B /* MHConnectionsHandler.m */; };
		AA52967A1B3EF4D60017019B /* MHController.m in Sources */ = {isa = PBXBuildFile; fileRef = AA52965C1B3EF4D60017019B /* MHController.m */; };
		AA52967B1B3EF4D60017019B /* MHDatagram.m in Sources */ = {isa = PBXBuildFile; fileRef = AA52965E1B3EF4D60017019B /* MHDatagram.m */; };
		AA52967C1B3EF4D60017019B /* MHDiagnostics.m in Sources */ = {isa = PBXBuildFile; fileRef = AA5296601B3EF4D60017019B /* MHDiagnostics.m */; };
		AA52967D1B3EF4D60017019B /* MHFloodingProtocol.m in Sources */ = {isa = PBXBuildFile; fileRef = AA5296621B3EF4D60017019B /* MHFloodingProtocol.m */; };
		AA52967E1B3EF4D60017019B /* MHLocationManager.m in Sources */ = {isa = PBXBuildFile; fileRef = AA5296641B3EF4D60017019B /* MHLocationManager.m */; };
		AA52967F1B3EF4D60017019B /* MHMessage.m in Sources */ = {isa = PBXBuildFile; fileRef = AA5296661B3EF4D60017019B /* MHMessage.m */; };
		AA5296801B3EF4D60017019B /* MHMultipeerWrapper.m in Sources */ = {isa = PBXBuildFile; fileRef = AA5296681B3EF4D60017019B /* MHMultipeerWrapper.m */; };
		AA5296811B3EF4D60017019B /* MHPacket.m in Sources */ = {isa = PBXBuildFile; fileRef = AA52966A1B3EF4D60017019B /* MHPacket.m */; };
		AA5296821B3EF4D60017019B /* MHPeer.m in Sources */ = {isa = PBXBuildFile; fileRef = AA52966C1B3EF4D60017019B /* MHPeer.m */; };
		AA5296831B3EF4D60017019B /* MHPeerBuffer.m in Sources */ = {isa = PBXBuildFile; fileRef = AA52966E1B3EF4D60017019B /* MHPeerBuffer.m */; };
		AA5296841B3EF4D60017019B /* MHRoutingProtocol.m in Sources */ = {isa = PBXBuildFile; fileRef = AA5296701B3EF4D60017019B /* MHRoutingProtocol.m */; };
		AA5296851B3EF4D60017019B /* MHSocket.m in Sources */ = {isa = PBXBuildFile; fileRef = AA5296721B3EF4D60017019B /* MHSocket.m */; };
/* End PBXBuildFile section */

/* Begin PBXFileReference section */
		80070C941A727E0900256E60 /* GenericStoryboard.storyboard */ = {isa = PBXFileReference; fileEncoding = 4; lastKnownFileType = file.storyboard; path = GenericStoryboard.storyboard; sourceTree = "<group>"; };
		802BF6591B41A280003E9E31 /* LaunchScreen.xib */ = {isa = PBXFileReference; fileEncoding = 4; lastKnownFileType = file.xib; path = LaunchScreen.xib; sourceTree = "<group>"; };
		802F98AD17F4D828003AB861 /* ja */ = {isa = PBXFileReference; lastKnownFileType = text.plist.strings; name = ja; path = ja.lproj/Localizable.strings; sourceTree = "<group>"; };
		802F98AE17F4D828003AB861 /* ja */ = {isa = PBXFileReference; lastKnownFileType = text.plist.strings; name = ja; path = ja.lproj/InfoPlist.strings; sourceTree = "<group>"; };
		803165AA17BCC8CC003C4E77 /* en */ = {isa = PBXFileReference; lastKnownFileType = text.plist.strings; name = en; path = en.lproj/Localizable.strings; sourceTree = "<group>"; };
		803165D517BCD550003C4E77 /* fr */ = {isa = PBXFileReference; lastKnownFileType = text.plist.strings; name = fr; path = fr.lproj/Localizable.strings; sourceTree = "<group>"; };
		80386C2F19FA7FF200DDE7F6 /* thumbDISLIKE_NOTPRESSED@2x.png */ = {isa = PBXFileReference; lastKnownFileType = image.png; path = "thumbDISLIKE_NOTPRESSED@2x.png"; sourceTree = "<group>"; };
		80386C3019FA7FF200DDE7F6 /* thumbDISLIKE_PRESSED@2x.png */ = {isa = PBXFileReference; lastKnownFileType = image.png; path = "thumbDISLIKE_PRESSED@2x.png"; sourceTree = "<group>"; };
		80386C3119FA7FF200DDE7F6 /* thumbLIKE_NOTPRESSED@2x.png */ = {isa = PBXFileReference; lastKnownFileType = image.png; path = "thumbLIKE_NOTPRESSED@2x.png"; sourceTree = "<group>"; };
		80386C3219FA7FF200DDE7F6 /* thumbLIKE_PRESSED@2x.png */ = {isa = PBXFileReference; lastKnownFileType = image.png; path = "thumbLIKE_PRESSED@2x.png"; sourceTree = "<group>"; };
		803EB68D17EC768900E053EA /* uk */ = {isa = PBXFileReference; lastKnownFileType = text.plist.strings; name = uk; path = uk.lproj/Localizable.strings; sourceTree = "<group>"; };
		803EB68E17EC768900E053EA /* uk */ = {isa = PBXFileReference; lastKnownFileType = text.plist.strings; name = uk; path = uk.lproj/InfoPlist.strings; sourceTree = "<group>"; };
		803EB68F17EC769A00E053EA /* zh-Hans */ = {isa = PBXFileReference; lastKnownFileType = text.plist.strings; name = "zh-Hans"; path = "zh-Hans.lproj/Localizable.strings"; sourceTree = "<group>"; };
		803EB69017EC769A00E053EA /* zh-Hans */ = {isa = PBXFileReference; lastKnownFileType = text.plist.strings; name = "zh-Hans"; path = "zh-Hans.lproj/InfoPlist.strings"; sourceTree = "<group>"; };
		803EB69317EDED7700E053EA /* de */ = {isa = PBXFileReference; lastKnownFileType = text.plist.strings; name = de; path = de.lproj/Localizable.strings; sourceTree = "<group>"; };
		803EB69417EDF75100E053EA /* Images.xcassets */ = {isa = PBXFileReference; lastKnownFileType = folder.assetcatalog; path = Images.xcassets; sourceTree = "<group>"; };
		803EB69617EEEC3300E053EA /* ru */ = {isa = PBXFileReference; lastKnownFileType = text.plist.strings; name = ru; path = ru.lproj/Localizable.strings; sourceTree = "<group>"; };
		803EB69717EEEC3300E053EA /* ru */ = {isa = PBXFileReference; lastKnownFileType = text.plist.strings; name = ru; path = ru.lproj/InfoPlist.strings; sourceTree = "<group>"; };
		803EB69C17F091C200E053EA /* ko */ = {isa = PBXFileReference; lastKnownFileType = text.plist.strings; name = ko; path = ko.lproj/Localizable.strings; sourceTree = "<group>"; };
		803EB69D17F091C200E053EA /* ko */ = {isa = PBXFileReference; lastKnownFileType = text.plist.strings; name = ko; path = ko.lproj/InfoPlist.strings; sourceTree = "<group>"; };
		8048553118EF2352000979E8 /* AdSupport.framework */ = {isa = PBXFileReference; lastKnownFileType = wrapper.framework; name = AdSupport.framework; path = System/Library/Frameworks/AdSupport.framework; sourceTree = SDKROOT; };
		806F490D1808448900BFBC91 /* es */ = {isa = PBXFileReference; lastKnownFileType = text.plist.strings; name = es; path = es.lproj/Localizable.strings; sourceTree = "<group>"; };
		806F490E1808448900BFBC91 /* es */ = {isa = PBXFileReference; lastKnownFileType = text.plist.strings; name = es; path = es.lproj/InfoPlist.strings; sourceTree = "<group>"; };
		8090FE6A1664FC6A005A6358 /* SpeakUpManager.h */ = {isa = PBXFileReference; fileEncoding = 4; lastKnownFileType = sourcecode.c.h; path = SpeakUpManager.h; sourceTree = "<group>"; };
		8090FE6B1664FC6A005A6358 /* SpeakUpManager.m */ = {isa = PBXFileReference; fileEncoding = 4; lastKnownFileType = sourcecode.c.objc; path = SpeakUpManager.m; sourceTree = "<group>"; };
		8090FE6C1664FC6A005A6358 /* SpeakUpManagerDelegate.h */ = {isa = PBXFileReference; fileEncoding = 4; lastKnownFileType = sourcecode.c.h; path = SpeakUpManagerDelegate.h; sourceTree = "<group>"; };
		80939B87166E0D7D0079BEF0 /* MapKit.framework */ = {isa = PBXFileReference; lastKnownFileType = wrapper.framework; name = MapKit.framework; path = System/Library/Frameworks/MapKit.framework; sourceTree = SDKROOT; };
		8096A8A71636E80C0092F049 /* Heya.app */ = {isa = PBXFileReference; explicitFileType = wrapper.application; includeInIndex = 0; path = Heya.app; sourceTree = BUILT_PRODUCTS_DIR; };
		8096A8AB1636E80C0092F049 /* UIKit.framework */ = {isa = PBXFileReference; lastKnownFileType = wrapper.framework; name = UIKit.framework; path = System/Library/Frameworks/UIKit.framework; sourceTree = SDKROOT; };
		8096A8AD1636E80C0092F049 /* Foundation.framework */ = {isa = PBXFileReference; lastKnownFileType = wrapper.framework; name = Foundation.framework; path = System/Library/Frameworks/Foundation.framework; sourceTree = SDKROOT; };
		8096A8AF1636E80C0092F049 /* CoreGraphics.framework */ = {isa = PBXFileReference; lastKnownFileType = wrapper.framework; name = CoreGraphics.framework; path = System/Library/Frameworks/CoreGraphics.framework; sourceTree = SDKROOT; };
		8096A8B31636E80C0092F049 /* Heya-Info.plist */ = {isa = PBXFileReference; lastKnownFileType = text.plist.xml; path = "Heya-Info.plist"; sourceTree = "<group>"; };
		8096A8B51636E80C0092F049 /* en */ = {isa = PBXFileReference; lastKnownFileType = text.plist.strings; name = en; path = en.lproj/InfoPlist.strings; sourceTree = "<group>"; };
		8096A8B71636E80C0092F049 /* main.m */ = {isa = PBXFileReference; lastKnownFileType = sourcecode.c.objc; path = main.m; sourceTree = "<group>"; };
		8096A8B91636E80C0092F049 /* Heya-Prefix.pch */ = {isa = PBXFileReference; lastKnownFileType = sourcecode.c.h; path = "Heya-Prefix.pch"; sourceTree = "<group>"; };
		8096A8BA1636E80C0092F049 /* AppDelegate.h */ = {isa = PBXFileReference; lastKnownFileType = sourcecode.c.h; path = AppDelegate.h; sourceTree = "<group>"; };
		8096A8BB1636E80C0092F049 /* AppDelegate.m */ = {isa = PBXFileReference; lastKnownFileType = sourcecode.c.objc; path = AppDelegate.m; sourceTree = "<group>"; };
		8096A8D11636E9C60092F049 /* Message.h */ = {isa = PBXFileReference; fileEncoding = 4; lastKnownFileType = sourcecode.c.h; path = Message.h; sourceTree = "<group>"; };
		8096A8D21636E9C60092F049 /* Message.m */ = {isa = PBXFileReference; fileEncoding = 4; lastKnownFileType = sourcecode.c.objc; path = Message.m; sourceTree = "<group>"; };
		8096A8D51636E9C60092F049 /* MessageManagerDelegate.h */ = {isa = PBXFileReference; fileEncoding = 4; lastKnownFileType = sourcecode.c.h; path = MessageManagerDelegate.h; sourceTree = "<group>"; };
		8096A8D61636E9C60092F049 /* MessageTableViewController.h */ = {isa = PBXFileReference; fileEncoding = 4; lastKnownFileType = sourcecode.c.h; path = MessageTableViewController.h; sourceTree = "<group>"; };
		8096A8D71636E9C60092F049 /* MessageTableViewController.m */ = {isa = PBXFileReference; fileEncoding = 4; lastKnownFileType = sourcecode.c.objc; path = MessageTableViewController.m; sourceTree = "<group>"; };
		8096A8D81636E9C60092F049 /* NewRoomViewController.h */ = {isa = PBXFileReference; fileEncoding = 4; lastKnownFileType = sourcecode.c.h; path = NewRoomViewController.h; sourceTree = "<group>"; };
		8096A8D91636E9C60092F049 /* NewRoomViewController.m */ = {isa = PBXFileReference; fileEncoding = 4; lastKnownFileType = sourcecode.c.objc; path = NewRoomViewController.m; sourceTree = "<group>"; };
		8096A8E11636E9C60092F049 /* PeerManagerDelegate.h */ = {isa = PBXFileReference; fileEncoding = 4; lastKnownFileType = sourcecode.c.h; path = PeerManagerDelegate.h; sourceTree = "<group>"; };
		8096A8E41636E9C60092F049 /* Room.h */ = {isa = PBXFileReference; fileEncoding = 4; lastKnownFileType = sourcecode.c.h; path = Room.h; sourceTree = "<group>"; };
		8096A8E51636E9C60092F049 /* Room.m */ = {isa = PBXFileReference; fileEncoding = 4; lastKnownFileType = sourcecode.c.objc; path = Room.m; sourceTree = "<group>"; };
		8096A8E81636E9C60092F049 /* RoomManagerDelegate.h */ = {isa = PBXFileReference; fileEncoding = 4; lastKnownFileType = sourcecode.c.h; path = RoomManagerDelegate.h; sourceTree = "<group>"; };
		8096A8E91636E9C60092F049 /* RoomTableViewController.h */ = {isa = PBXFileReference; fileEncoding = 4; lastKnownFileType = sourcecode.c.h; path = RoomTableViewController.h; sourceTree = "<group>"; };
		8096A8EA1636E9C60092F049 /* RoomTableViewController.m */ = {isa = PBXFileReference; fileEncoding = 4; lastKnownFileType = sourcecode.c.objc; path = RoomTableViewController.m; sourceTree = "<group>"; };
		8096A9231636F37D0092F049 /* QuartzCore.framework */ = {isa = PBXFileReference; lastKnownFileType = wrapper.framework; name = QuartzCore.framework; path = System/Library/Frameworks/QuartzCore.framework; sourceTree = SDKROOT; };
		8096A9251636F39B0092F049 /* CoreLocation.framework */ = {isa = PBXFileReference; lastKnownFileType = wrapper.framework; name = CoreLocation.framework; path = System/Library/Frameworks/CoreLocation.framework; sourceTree = SDKROOT; };
		8096A9271636F3FD0092F049 /* MessageUI.framework */ = {isa = PBXFileReference; lastKnownFileType = wrapper.framework; name = MessageUI.framework; path = System/Library/Frameworks/MessageUI.framework; sourceTree = SDKROOT; };
		809A5D6417F16C8B004B996C /* zh-Hant */ = {isa = PBXFileReference; lastKnownFileType = text.plist.strings; name = "zh-Hant"; path = "zh-Hant.lproj/Localizable.strings"; sourceTree = "<group>"; };
		809A5D6517F16C8B004B996C /* zh-Hant */ = {isa = PBXFileReference; lastKnownFileType = text.plist.strings; name = "zh-Hant"; path = "zh-Hant.lproj/InfoPlist.strings"; sourceTree = "<group>"; };
		80AB3D88183E73150005C603 /* CoreData.framework */ = {isa = PBXFileReference; lastKnownFileType = wrapper.framework; name = CoreData.framework; path = System/Library/Frameworks/CoreData.framework; sourceTree = SDKROOT; };
		80AB3D8A183E73340005C603 /* SystemConfiguration.framework */ = {isa = PBXFileReference; lastKnownFileType = wrapper.framework; name = SystemConfiguration.framework; path = System/Library/Frameworks/SystemConfiguration.framework; sourceTree = SDKROOT; };
		80AB3D8C183E73490005C603 /* libz.dylib */ = {isa = PBXFileReference; lastKnownFileType = "compiled.mach-o.dylib"; name = libz.dylib; path = usr/lib/libz.dylib; sourceTree = SDKROOT; };
		80B3A51B19F27FB600E7CB7C /* button-add1@2x.png */ = {isa = PBXFileReference; lastKnownFileType = image.png; path = "button-add1@2x.png"; sourceTree = "<group>"; };
		80B3A51C19F27FB600E7CB7C /* button-back1@2x.png */ = {isa = PBXFileReference; lastKnownFileType = image.png; path = "button-back1@2x.png"; sourceTree = "<group>"; };
		80B3A51D19F27FB600E7CB7C /* button-refresh@2x.png */ = {isa = PBXFileReference; lastKnownFileType = image.png; path = "button-refresh@2x.png"; sourceTree = "<group>"; };
		80DB2ADA177AF2FD003C297A /* ConnectionDelegate.h */ = {isa = PBXFileReference; lastKnownFileType = sourcecode.c.h; path = ConnectionDelegate.h; sourceTree = "<group>"; };
		80E5E2031B6F898800E153EB /* PacketContent.h */ = {isa = PBXFileReference; fileEncoding = 4; lastKnownFileType = sourcecode.c.h; path = PacketContent.h; sourceTree = "<group>"; };
		80E5E2041B6F898800E153EB /* PacketContent.m */ = {isa = PBXFileReference; fileEncoding = 4; lastKnownFileType = sourcecode.c.objc; path = PacketContent.m; sourceTree = "<group>"; };
		80FB4C4617251F460004965A /* CFNetwork.framework */ = {isa = PBXFileReference; lastKnownFileType = wrapper.framework; name = CFNetwork.framework; path = System/Library/Frameworks/CFNetwork.framework; sourceTree = SDKROOT; };
		80FB4C4817251F540004965A /* libicucore.dylib */ = {isa = PBXFileReference; lastKnownFileType = "compiled.mach-o.dylib"; name = libicucore.dylib; path = usr/lib/libicucore.dylib; sourceTree = SDKROOT; };
		80FB4C4A17251F5D0004965A /* Security.framework */ = {isa = PBXFileReference; lastKnownFileType = wrapper.framework; name = Security.framework; path = System/Library/Frameworks/Security.framework; sourceTree = SDKROOT; };
		AA3A46BF1B2085A9007EAFCA /* MultipeerConnectivity.framework */ = {isa = PBXFileReference; lastKnownFileType = wrapper.framework; name = MultipeerConnectivity.framework; path = System/Library/Frameworks/MultipeerConnectivity.framework; sourceTree = SDKROOT; };
		AA3A46C21B208610007EAFCA /* CoreBluetooth.framework */ = {isa = PBXFileReference; lastKnownFileType = wrapper.framework; name = CoreBluetooth.framework; path = System/Library/Frameworks/CoreBluetooth.framework; sourceTree = SDKROOT; };
		AA52964D1B3EF4D60017019B /* MH6ShotsProtocol.h */ = {isa = PBXFileReference; fileEncoding = 4; lastKnownFileType = sourcecode.c.h; path = MH6ShotsProtocol.h; sourceTree = "<group>"; };
		AA52964E1B3EF4D60017019B /* MH6ShotsProtocol.m */ = {isa = PBXFileReference; fileEncoding = 4; lastKnownFileType = sourcecode.c.objc; path = MH6ShotsProtocol.m; sourceTree = "<group>"; };
		AA52964F1B3EF4D60017019B /* MH6ShotsSchedule.h */ = {isa = PBXFileReference; fileEncoding = 4; lastKnownFileType = sourcecode.c.h; path = MH6ShotsSchedule.h; sourceTree = "<group>"; };
		AA5296501B3EF4D60017019B /* MH6ShotsSchedule.m */ = {isa = PBXFileReference; fileEncoding = 4; lastKnownFileType = sourcecode.c.objc; path = MH6ShotsSchedule.m; sourceTree = "<group>"; };
		AA5296511B3EF4D60017019B /* MH6ShotsScheduler.h */ = {isa = PBXFileReference; fileEncoding = 4; lastKnownFileType = sourcecode.c.h; path = MH6ShotsScheduler.h; sourceTree = "<group>"; };
		AA5296521B3EF4D60017019B /* MH6ShotsScheduler.m */ = {isa = PBXFileReference; fileEncoding = 4; lastKnownFileType = sourcecode.c.objc; path = MH6ShotsScheduler.m; sourceTree = "<group>"; };
		AA5296531B3EF4D60017019B /* MHComputation.h */ = {isa = PBXFileReference; fileEncoding = 4; lastKnownFileType = sourcecode.c.h; path = MHComputation.h; sourceTree = "<group>"; };
		AA5296541B3EF4D60017019B /* MHComputation.m */ = {isa = PBXFileReference; fileEncoding = 4; lastKnownFileType = sourcecode.c.objc; path = MHComputation.m; sourceTree = "<group>"; };
		AA5296551B3EF4D60017019B /* MHConfig.h */ = {isa = PBXFileReference; fileEncoding = 4; lastKnownFileType = sourcecode.c.h; path = MHConfig.h; sourceTree = "<group>"; };
		AA5296561B3EF4D60017019B /* MHConfig.m */ = {isa = PBXFileReference; fileEncoding = 4; lastKnownFileType = sourcecode.c.objc; path = MHConfig.m; sourceTree = "<group>"; };
		AA5296571B3EF4D60017019B /* MHConnectionBuffer.h */ = {isa = PBXFileReference; fileEncoding = 4; lastKnownFileType = sourcecode.c.h; path = MHConnectionBuffer.h; sourceTree = "<group>"; };
		AA5296581B3EF4D60017019B /* MHConnectionBuffer.m */ = {isa = PBXFileReference; fileEncoding = 4; lastKnownFileType = sourcecode.c.objc; path = MHConnectionBuffer.m; sourceTree = "<group>"; };
		AA5296591B3EF4D60017019B /* MHConnectionsHandler.h */ = {isa = PBXFileReference; fileEncoding = 4; lastKnownFileType = sourcecode.c.h; path = MHConnectionsHandler.h; sourceTree = "<group>"; };
		AA52965A1B3EF4D60017019B /* MHConnectionsHandler.m */ = {isa = PBXFileReference; fileEncoding = 4; lastKnownFileType = sourcecode.c.objc; path = MHConnectionsHandler.m; sourceTree = "<group>"; };
		AA52965B1B3EF4D60017019B /* MHController.h */ = {isa = PBXFileReference; fileEncoding = 4; lastKnownFileType = sourcecode.c.h; path = MHController.h; sourceTree = "<group>"; };
		AA52965C1B3EF4D60017019B /* MHController.m */ = {isa = PBXFileReference; fileEncoding = 4; lastKnownFileType = sourcecode.c.objc; path = MHController.m; sourceTree = "<group>"; };
		AA52965D1B3EF4D60017019B /* MHDatagram.h */ = {isa = PBXFileReference; fileEncoding = 4; lastKnownFileType = sourcecode.c.h; path = MHDatagram.h; sourceTree = "<group>"; };
		AA52965E1B3EF4D60017019B /* MHDatagram.m */ = {isa = PBXFileReference; fileEncoding = 4; lastKnownFileType = sourcecode.c.objc; path = MHDatagram.m; sourceTree = "<group>"; };
		AA52965F1B3EF4D60017019B /* MHDiagnostics.h */ = {isa = PBXFileReference; fileEncoding = 4; lastKnownFileType = sourcecode.c.h; path = MHDiagnostics.h; sourceTree = "<group>"; };
		AA5296601B3EF4D60017019B /* MHDiagnostics.m */ = {isa = PBXFileReference; fileEncoding = 4; lastKnownFileType = sourcecode.c.objc; path = MHDiagnostics.m; sourceTree = "<group>"; };
		AA5296611B3EF4D60017019B /* MHFloodingProtocol.h */ = {isa = PBXFileReference; fileEncoding = 4; lastKnownFileType = sourcecode.c.h; path = MHFloodingProtocol.h; sourceTree = "<group>"; };
		AA5296621B3EF4D60017019B /* MHFloodingProtocol.m */ = {isa = PBXFileReference; fileEncoding = 4; lastKnownFileType = sourcecode.c.objc; path = MHFloodingProtocol.m; sourceTree = "<group>"; };
		AA5296631B3EF4D60017019B /* MHLocationManager.h */ = {isa = PBXFileReference; fileEncoding = 4; lastKnownFileType = sourcecode.c.h; path = MHLocationManager.h; sourceTree = "<group>"; };
		AA5296641B3EF4D60017019B /* MHLocationManager.m */ = {isa = PBXFileReference; fileEncoding = 4; lastKnownFileType = sourcecode.c.objc; path = MHLocationManager.m; sourceTree = "<group>"; };
		AA5296651B3EF4D60017019B /* MHMessage.h */ = {isa = PBXFileReference; fileEncoding = 4; lastKnownFileType = sourcecode.c.h; path = MHMessage.h; sourceTree = "<group>"; };
		AA5296661B3EF4D60017019B /* MHMessage.m */ = {isa = PBXFileReference; fileEncoding = 4; lastKnownFileType = sourcecode.c.objc; path = MHMessage.m; sourceTree = "<group>"; };
		AA5296671B3EF4D60017019B /* MHMultipeerWrapper.h */ = {isa = PBXFileReference; fileEncoding = 4; lastKnownFileType = sourcecode.c.h; path = MHMultipeerWrapper.h; sourceTree = "<group>"; };
		AA5296681B3EF4D60017019B /* MHMultipeerWrapper.m */ = {isa = PBXFileReference; fileEncoding = 4; lastKnownFileType = sourcecode.c.objc; path = MHMultipeerWrapper.m; sourceTree = "<group>"; };
		AA5296691B3EF4D60017019B /* MHPacket.h */ = {isa = PBXFileReference; fileEncoding = 4; lastKnownFileType = sourcecode.c.h; path = MHPacket.h; sourceTree = "<group>"; };
		AA52966A1B3EF4D60017019B /* MHPacket.m */ = {isa = PBXFileReference; fileEncoding = 4; lastKnownFileType = sourcecode.c.objc; path = MHPacket.m; sourceTree = "<group>"; };
		AA52966B1B3EF4D60017019B /* MHPeer.h */ = {isa = PBXFileReference; fileEncoding = 4; lastKnownFileType = sourcecode.c.h; path = MHPeer.h; sourceTree = "<group>"; };
		AA52966C1B3EF4D60017019B /* MHPeer.m */ = {isa = PBXFileReference; fileEncoding = 4; lastKnownFileType = sourcecode.c.objc; path = MHPeer.m; sourceTree = "<group>"; };
		AA52966D1B3EF4D60017019B /* MHPeerBuffer.h */ = {isa = PBXFileReference; fileEncoding = 4; lastKnownFileType = sourcecode.c.h; path = MHPeerBuffer.h; sourceTree = "<group>"; };
		AA52966E1B3EF4D60017019B /* MHPeerBuffer.m */ = {isa = PBXFileReference; fileEncoding = 4; lastKnownFileType = sourcecode.c.objc; path = MHPeerBuffer.m; sourceTree = "<group>"; };
		AA52966F1B3EF4D60017019B /* MHRoutingProtocol.h */ = {isa = PBXFileReference; fileEncoding = 4; lastKnownFileType = sourcecode.c.h; path = MHRoutingProtocol.h; sourceTree = "<group>"; };
		AA5296701B3EF4D60017019B /* MHRoutingProtocol.m */ = {isa = PBXFileReference; fileEncoding = 4; lastKnownFileType = sourcecode.c.objc; path = MHRoutingProtocol.m; sourceTree = "<group>"; };
		AA5296711B3EF4D60017019B /* MHSocket.h */ = {isa = PBXFileReference; fileEncoding = 4; lastKnownFileType = sourcecode.c.h; path = MHSocket.h; sourceTree = "<group>"; };
		AA5296721B3EF4D60017019B /* MHSocket.m */ = {isa = PBXFileReference; fileEncoding = 4; lastKnownFileType = sourcecode.c.objc; path = MHSocket.m; sourceTree = "<group>"; };
/* End PBXFileReference section */

/* Begin PBXFrameworksBuildPhase section */
		8096A8A41636E80B0092F049 /* Frameworks */ = {
			isa = PBXFrameworksBuildPhase;
			buildActionMask = 2147483647;
			files = (
				AA3A46C31B208610007EAFCA /* CoreBluetooth.framework in Frameworks */,
				AA3A46C11B2085DB007EAFCA /* CoreLocation.framework in Frameworks */,
				AA3A46C01B2085A9007EAFCA /* MultipeerConnectivity.framework in Frameworks */,
				8048553318EF240A000979E8 /* CoreData.framework in Frameworks */,
				8048553218EF2352000979E8 /* AdSupport.framework in Frameworks */,
				80AB3D8D183E73490005C603 /* libz.dylib in Frameworks */,
				80AB3D8B183E73340005C603 /* SystemConfiguration.framework in Frameworks */,
				80FB4C4B17251F5D0004965A /* Security.framework in Frameworks */,
				80FB4C4917251F540004965A /* libicucore.dylib in Frameworks */,
				80FB4C4717251F460004965A /* CFNetwork.framework in Frameworks */,
				80939B88166E0D7D0079BEF0 /* MapKit.framework in Frameworks */,
				8096A9281636F3FD0092F049 /* MessageUI.framework in Frameworks */,
				8096A9241636F37E0092F049 /* QuartzCore.framework in Frameworks */,
				8096A8AC1636E80C0092F049 /* UIKit.framework in Frameworks */,
				8096A8AE1636E80C0092F049 /* Foundation.framework in Frameworks */,
				8096A8B01636E80C0092F049 /* CoreGraphics.framework in Frameworks */,
			);
			runOnlyForDeploymentPostprocessing = 0;
		};
/* End PBXFrameworksBuildPhase section */

/* Begin PBXGroup section */
		8096A89C1636E80B0092F049 = {
			isa = PBXGroup;
			children = (
				802BF6591B41A280003E9E31 /* LaunchScreen.xib */,
				80070C941A727E0900256E60 /* GenericStoryboard.storyboard */,
				AA52964C1B3EF4D60017019B /* Multihop */,
				803165AB17BCC8CC003C4E77 /* Localizable.strings */,
				8096A8B11636E80C0092F049 /* SpeakUp */,
				8096A8AA1636E80C0092F049 /* Frameworks */,
				8096A8A81636E80C0092F049 /* Products */,
			);
			sourceTree = "<group>";
		};
		8096A8A81636E80C0092F049 /* Products */ = {
			isa = PBXGroup;
			children = (
				8096A8A71636E80C0092F049 /* Heya.app */,
			);
			name = Products;
			sourceTree = "<group>";
		};
		8096A8AA1636E80C0092F049 /* Frameworks */ = {
			isa = PBXGroup;
			children = (
				AA3A46C21B208610007EAFCA /* CoreBluetooth.framework */,
				AA3A46BF1B2085A9007EAFCA /* MultipeerConnectivity.framework */,
				8048553118EF2352000979E8 /* AdSupport.framework */,
				80AB3D8C183E73490005C603 /* libz.dylib */,
				80AB3D8A183E73340005C603 /* SystemConfiguration.framework */,
				80AB3D88183E73150005C603 /* CoreData.framework */,
				80FB4C4817251F540004965A /* libicucore.dylib */,
				80FB4C4A17251F5D0004965A /* Security.framework */,
				80FB4C4617251F460004965A /* CFNetwork.framework */,
				80939B87166E0D7D0079BEF0 /* MapKit.framework */,
				8096A9231636F37D0092F049 /* QuartzCore.framework */,
				8096A9251636F39B0092F049 /* CoreLocation.framework */,
				8096A9271636F3FD0092F049 /* MessageUI.framework */,
				8096A8AB1636E80C0092F049 /* UIKit.framework */,
				8096A8AD1636E80C0092F049 /* Foundation.framework */,
				8096A8AF1636E80C0092F049 /* CoreGraphics.framework */,
			);
			name = Frameworks;
			sourceTree = "<group>";
		};
		8096A8B11636E80C0092F049 /* SpeakUp */ = {
			isa = PBXGroup;
			children = (
				8090FE6A1664FC6A005A6358 /* SpeakUpManager.h */,
				8090FE6B1664FC6A005A6358 /* SpeakUpManager.m */,
				8090FE6C1664FC6A005A6358 /* SpeakUpManagerDelegate.h */,
				80DB2ADA177AF2FD003C297A /* ConnectionDelegate.h */,
				8096A8E81636E9C60092F049 /* RoomManagerDelegate.h */,
				8096A8D51636E9C60092F049 /* MessageManagerDelegate.h */,
				8096A8E11636E9C60092F049 /* PeerManagerDelegate.h */,
				8096A9211636EA750092F049 /* Model */,
				8096A9201636EA260092F049 /* ViewControllers */,
				80B3A51A19F27FB600E7CB7C /* Pics */,
				803EB69417EDF75100E053EA /* Images.xcassets */,
				8096A8B21636E80C0092F049 /* Supporting Files */,
			);
			path = SpeakUp;
			sourceTree = "<group>";
		};
		8096A8B21636E80C0092F049 /* Supporting Files */ = {
			isa = PBXGroup;
			children = (
				8096A8BA1636E80C0092F049 /* AppDelegate.h */,
				8096A8BB1636E80C0092F049 /* AppDelegate.m */,
				8096A8B31636E80C0092F049 /* Heya-Info.plist */,
				8096A8B41636E80C0092F049 /* InfoPlist.strings */,
				8096A8B71636E80C0092F049 /* main.m */,
				8096A8B91636E80C0092F049 /* Heya-Prefix.pch */,
			);
			name = "Supporting Files";
			sourceTree = "<group>";
		};
		8096A9201636EA260092F049 /* ViewControllers */ = {
			isa = PBXGroup;
			children = (
				8096A8E91636E9C60092F049 /* RoomTableViewController.h */,
				8096A8EA1636E9C60092F049 /* RoomTableViewController.m */,
				8096A8D61636E9C60092F049 /* MessageTableViewController.h */,
				8096A8D71636E9C60092F049 /* MessageTableViewController.m */,
				8096A8D81636E9C60092F049 /* NewRoomViewController.h */,
				8096A8D91636E9C60092F049 /* NewRoomViewController.m */,
			);
			name = ViewControllers;
			sourceTree = "<group>";
		};
		8096A9211636EA750092F049 /* Model */ = {
			isa = PBXGroup;
			children = (
				80E5E2031B6F898800E153EB /* PacketContent.h */,
				80E5E2041B6F898800E153EB /* PacketContent.m */,
				8096A8D11636E9C60092F049 /* Message.h */,
				8096A8D21636E9C60092F049 /* Message.m */,
				8096A8E41636E9C60092F049 /* Room.h */,
				8096A8E51636E9C60092F049 /* Room.m */,
			);
			name = Model;
			sourceTree = "<group>";
		};
		80B3A51A19F27FB600E7CB7C /* Pics */ = {
			isa = PBXGroup;
			children = (
				80B3A51B19F27FB600E7CB7C /* button-add1@2x.png */,
				80B3A51C19F27FB600E7CB7C /* button-back1@2x.png */,
				80B3A51D19F27FB600E7CB7C /* button-refresh@2x.png */,
				80B3A51E19F27FB600E7CB7C /* Likes */,
			);
			path = Pics;
			sourceTree = "<group>";
		};
		80B3A51E19F27FB600E7CB7C /* Likes */ = {
			isa = PBXGroup;
			children = (
				80386C2F19FA7FF200DDE7F6 /* thumbDISLIKE_NOTPRESSED@2x.png */,
				80386C3019FA7FF200DDE7F6 /* thumbDISLIKE_PRESSED@2x.png */,
				80386C3119FA7FF200DDE7F6 /* thumbLIKE_NOTPRESSED@2x.png */,
				80386C3219FA7FF200DDE7F6 /* thumbLIKE_PRESSED@2x.png */,
			);
			path = Likes;
			sourceTree = "<group>";
		};
		AA52964C1B3EF4D60017019B /* Multihop */ = {
			isa = PBXGroup;
			children = (
				AA52964D1B3EF4D60017019B /* MH6ShotsProtocol.h */,
				AA52964E1B3EF4D60017019B /* MH6ShotsProtocol.m */,
				AA52964F1B3EF4D60017019B /* MH6ShotsSchedule.h */,
				AA5296501B3EF4D60017019B /* MH6ShotsSchedule.m */,
				AA5296511B3EF4D60017019B /* MH6ShotsScheduler.h */,
				AA5296521B3EF4D60017019B /* MH6ShotsScheduler.m */,
				AA5296531B3EF4D60017019B /* MHComputation.h */,
				AA5296541B3EF4D60017019B /* MHComputation.m */,
				AA5296551B3EF4D60017019B /* MHConfig.h */,
				AA5296561B3EF4D60017019B /* MHConfig.m */,
				AA5296571B3EF4D60017019B /* MHConnectionBuffer.h */,
				AA5296581B3EF4D60017019B /* MHConnectionBuffer.m */,
				AA5296591B3EF4D60017019B /* MHConnectionsHandler.h */,
				AA52965A1B3EF4D60017019B /* MHConnectionsHandler.m */,
				AA52965B1B3EF4D60017019B /* MHController.h */,
				AA52965C1B3EF4D60017019B /* MHController.m */,
				AA52965D1B3EF4D60017019B /* MHDatagram.h */,
				AA52965E1B3EF4D60017019B /* MHDatagram.m */,
				AA52965F1B3EF4D60017019B /* MHDiagnostics.h */,
				AA5296601B3EF4D60017019B /* MHDiagnostics.m */,
				AA5296611B3EF4D60017019B /* MHFloodingProtocol.h */,
				AA5296621B3EF4D60017019B /* MHFloodingProtocol.m */,
				AA5296631B3EF4D60017019B /* MHLocationManager.h */,
				AA5296641B3EF4D60017019B /* MHLocationManager.m */,
				AA5296651B3EF4D60017019B /* MHMessage.h */,
				AA5296661B3EF4D60017019B /* MHMessage.m */,
				AA5296671B3EF4D60017019B /* MHMultipeerWrapper.h */,
				AA5296681B3EF4D60017019B /* MHMultipeerWrapper.m */,
				AA5296691B3EF4D60017019B /* MHPacket.h */,
				AA52966A1B3EF4D60017019B /* MHPacket.m */,
				AA52966B1B3EF4D60017019B /* MHPeer.h */,
				AA52966C1B3EF4D60017019B /* MHPeer.m */,
				AA52966D1B3EF4D60017019B /* MHPeerBuffer.h */,
				AA52966E1B3EF4D60017019B /* MHPeerBuffer.m */,
				AA52966F1B3EF4D60017019B /* MHRoutingProtocol.h */,
				AA5296701B3EF4D60017019B /* MHRoutingProtocol.m */,
				AA5296711B3EF4D60017019B /* MHSocket.h */,
				AA5296721B3EF4D60017019B /* MHSocket.m */,
			);
			name = Multihop;
			path = "../multihop-lib-ios/Multihop";
			sourceTree = "<group>";
		};
/* End PBXGroup section */

/* Begin PBXNativeTarget section */
		8096A8A61636E80B0092F049 /* Heya */ = {
			isa = PBXNativeTarget;
			buildConfigurationList = 8096A8C51636E80C0092F049 /* Build configuration list for PBXNativeTarget "Heya" */;
			buildPhases = (
				8096A8A31636E80B0092F049 /* Sources */,
				8096A8A41636E80B0092F049 /* Frameworks */,
				8096A8A51636E80B0092F049 /* Resources */,
			);
			buildRules = (
			);
			dependencies = (
			);
			name = Heya;
			productName = SpeakUp;
			productReference = 8096A8A71636E80C0092F049 /* Heya.app */;
			productType = "com.apple.product-type.application";
		};
/* End PBXNativeTarget section */

/* Begin PBXProject section */
		8096A89E1636E80B0092F049 /* Project object */ = {
			isa = PBXProject;
			attributes = {
				LastUpgradeCheck = 0450;
				ORGANIZATIONNAME = "Adrian Holzer";
				TargetAttributes = {
					8096A8A61636E80B0092F049 = {
						DevelopmentTeam = ZUF96Y7BKS;
					};
				};
			};
			buildConfigurationList = 8096A8A11636E80B0092F049 /* Build configuration list for PBXProject "Heya" */;
			compatibilityVersion = "Xcode 3.2";
			developmentRegion = English;
			hasScannedForEncodings = 0;
			knownRegions = (
				en,
				fr,
				de,
				Base,
				uk,
				"zh-Hans",
				ru,
				ko,
				"zh-Hant",
				ja,
				es,
			);
			mainGroup = 8096A89C1636E80B0092F049;
			productRefGroup = 8096A8A81636E80C0092F049 /* Products */;
			projectDirPath = "";
			projectRoot = "";
			targets = (
				8096A8A61636E80B0092F049 /* Heya */,
			);
		};
/* End PBXProject section */

/* Begin PBXResourcesBuildPhase section */
		8096A8A51636E80B0092F049 /* Resources */ = {
			isa = PBXResourcesBuildPhase;
			buildActionMask = 2147483647;
			files = (
				80B3A52B19F27FB600E7CB7C /* button-add1@2x.png in Resources */,
				8096A8B61636E80C0092F049 /* InfoPlist.strings in Resources */,
				80B3A52D19F27FB600E7CB7C /* button-refresh@2x.png in Resources */,
				80386C3E19FA7FF200DDE7F6 /* thumbLIKE_PRESSED@2x.png in Resources */,
				802BF65A1B41A280003E9E31 /* LaunchScreen.xib in Resources */,
				80070C951A727E0900256E60 /* GenericStoryboard.storyboard in Resources */,
				80386C3B19FA7FF200DDE7F6 /* thumbDISLIKE_NOTPRESSED@2x.png in Resources */,
				80386C3D19FA7FF200DDE7F6 /* thumbLIKE_NOTPRESSED@2x.png in Resources */,
				803EB69517EDF75100E053EA /* Images.xcassets in Resources */,
				80386C3C19FA7FF200DDE7F6 /* thumbDISLIKE_PRESSED@2x.png in Resources */,
				803165A917BCC8CC003C4E77 /* Localizable.strings in Resources */,
				80B3A52C19F27FB600E7CB7C /* button-back1@2x.png in Resources */,
			);
			runOnlyForDeploymentPostprocessing = 0;
		};
/* End PBXResourcesBuildPhase section */

/* Begin PBXSourcesBuildPhase section */
		8096A8A31636E80B0092F049 /* Sources */ = {
			isa = PBXSourcesBuildPhase;
			buildActionMask = 2147483647;
			files = (
				8096A8B81636E80C0092F049 /* main.m in Sources */,
				8096A8BC1636E80C0092F049 /* AppDelegate.m in Sources */,
				AA5296851B3EF4D60017019B /* MHSocket.m in Sources */,
				AA52967F1B3EF4D60017019B /* MHMessage.m in Sources */,
				8096A8F61636E9C60092F049 /* Message.m in Sources */,
				8096A8F81636E9C60092F049 /* MessageTableViewController.m in Sources */,
				AA5296761B3EF4D60017019B /* MHComputation.m in Sources */,
				AA52967D1B3EF4D60017019B /* MHFloodingProtocol.m in Sources */,
				AA5296771B3EF4D60017019B /* MHConfig.m in Sources */,
				AA52967E1B3EF4D60017019B /* MHLocationManager.m in Sources */,
				AA52967B1B3EF4D60017019B /* MHDatagram.m in Sources */,
				AA5296731B3EF4D60017019B /* MH6ShotsProtocol.m in Sources */,
				8096A8F91636E9C60092F049 /* NewRoomViewController.m in Sources */,
				80E5E2051B6F898800E153EB /* PacketContent.m in Sources */,
				AA5296821B3EF4D60017019B /* MHPeer.m in Sources */,
				8096A9011636E9C60092F049 /* Room.m in Sources */,
				8096A9031636E9C60092F049 /* RoomTableViewController.m in Sources */,
				AA5296781B3EF4D60017019B /* MHConnectionBuffer.m in Sources */,
				AA52967A1B3EF4D60017019B /* MHController.m in Sources */,
				AA5296791B3EF4D60017019B /* MHConnectionsHandler.m in Sources */,
				AA5296751B3EF4D60017019B /* MH6ShotsScheduler.m in Sources */,
				AA5296741B3EF4D60017019B /* MH6ShotsSchedule.m in Sources */,
				AA5296831B3EF4D60017019B /* MHPeerBuffer.m in Sources */,
				8090FE6D1664FC6A005A6358 /* SpeakUpManager.m in Sources */,
				AA52967C1B3EF4D60017019B /* MHDiagnostics.m in Sources */,
				AA5296801B3EF4D60017019B /* MHMultipeerWrapper.m in Sources */,
				AA5296811B3EF4D60017019B /* MHPacket.m in Sources */,
				AA5296841B3EF4D60017019B /* MHRoutingProtocol.m in Sources */,
			);
			runOnlyForDeploymentPostprocessing = 0;
		};
/* End PBXSourcesBuildPhase section */

/* Begin PBXVariantGroup section */
		803165AB17BCC8CC003C4E77 /* Localizable.strings */ = {
			isa = PBXVariantGroup;
			children = (
				803165AA17BCC8CC003C4E77 /* en */,
				803165D517BCD550003C4E77 /* fr */,
				803EB68D17EC768900E053EA /* uk */,
				803EB68F17EC769A00E053EA /* zh-Hans */,
				803EB69317EDED7700E053EA /* de */,
				803EB69617EEEC3300E053EA /* ru */,
				803EB69C17F091C200E053EA /* ko */,
				809A5D6417F16C8B004B996C /* zh-Hant */,
				802F98AD17F4D828003AB861 /* ja */,
				806F490D1808448900BFBC91 /* es */,
			);
			name = Localizable.strings;
			sourceTree = "<group>";
		};
		8096A8B41636E80C0092F049 /* InfoPlist.strings */ = {
			isa = PBXVariantGroup;
			children = (
				8096A8B51636E80C0092F049 /* en */,
				803EB68E17EC768900E053EA /* uk */,
				803EB69017EC769A00E053EA /* zh-Hans */,
				803EB69717EEEC3300E053EA /* ru */,
				803EB69D17F091C200E053EA /* ko */,
				809A5D6517F16C8B004B996C /* zh-Hant */,
				802F98AE17F4D828003AB861 /* ja */,
				806F490E1808448900BFBC91 /* es */,
			);
			name = InfoPlist.strings;
			sourceTree = "<group>";
		};
/* End PBXVariantGroup section */

/* Begin XCBuildConfiguration section */
		8096A8C31636E80C0092F049 /* Debug */ = {
			isa = XCBuildConfiguration;
			buildSettings = {
				ALWAYS_SEARCH_USER_PATHS = NO;
				CLANG_CXX_LANGUAGE_STANDARD = "gnu++0x";
				CLANG_CXX_LIBRARY = "libc++";
				CLANG_ENABLE_OBJC_ARC = YES;
				CLANG_WARN_EMPTY_BODY = YES;
				CLANG_WARN__DUPLICATE_METHOD_MATCH = YES;
				CODE_SIGN_IDENTITY = "iPhone Distribution: University of Lausanne, DopLab (2Y732Q5T2P)";
				"CODE_SIGN_IDENTITY[sdk=iphoneos*]" = "iPhone Developer";
				COPY_PHASE_STRIP = NO;
				GCC_C_LANGUAGE_STANDARD = gnu99;
				GCC_DYNAMIC_NO_PIC = NO;
				GCC_OPTIMIZATION_LEVEL = 0;
				GCC_PREPROCESSOR_DEFINITIONS = (
					"DEBUG=1",
					"$(inherited)",
				);
				GCC_SYMBOLS_PRIVATE_EXTERN = NO;
				GCC_WARN_ABOUT_RETURN_TYPE = YES;
				GCC_WARN_UNINITIALIZED_AUTOS = YES;
				GCC_WARN_UNUSED_VARIABLE = YES;
				IPHONEOS_DEPLOYMENT_TARGET = 6.0;
				ONLY_ACTIVE_ARCH = YES;
				SDKROOT = iphoneos;
			};
			name = Debug;
		};
		8096A8C41636E80C0092F049 /* Release */ = {
			isa = XCBuildConfiguration;
			buildSettings = {
				ALWAYS_SEARCH_USER_PATHS = NO;
				CLANG_CXX_LANGUAGE_STANDARD = "gnu++0x";
				CLANG_CXX_LIBRARY = "libc++";
				CLANG_ENABLE_OBJC_ARC = YES;
				CLANG_WARN_EMPTY_BODY = YES;
				CLANG_WARN__DUPLICATE_METHOD_MATCH = YES;
				CODE_SIGN_IDENTITY = "iPhone Distribution: University of Lausanne, DopLab (2Y732Q5T2P)";
				"CODE_SIGN_IDENTITY[sdk=iphoneos*]" = "iPhone Developer";
				COPY_PHASE_STRIP = YES;
				GCC_C_LANGUAGE_STANDARD = gnu99;
				GCC_WARN_ABOUT_RETURN_TYPE = YES;
				GCC_WARN_UNINITIALIZED_AUTOS = YES;
				GCC_WARN_UNUSED_VARIABLE = YES;
				IPHONEOS_DEPLOYMENT_TARGET = 6.0;
				OTHER_CFLAGS = "-DNS_BLOCK_ASSERTIONS=1";
				SDKROOT = iphoneos;
				VALIDATE_PRODUCT = YES;
			};
			name = Release;
		};
		8096A8C61636E80C0092F049 /* Debug */ = {
			isa = XCBuildConfiguration;
			buildSettings = {
				ASSETCATALOG_COMPILER_APPICON_NAME = AppIcon;
				CODE_SIGN_IDENTITY = "iPhone Developer";
				"CODE_SIGN_IDENTITY[sdk=iphoneos*]" = "iPhone Developer";
				FRAMEWORK_SEARCH_PATHS = (
					"$(inherited)",
					"\"$(SRCROOT)/SpeakUp\"",
					"\"$(SRCROOT)/..\"",
					"\"$(SRCROOT)\"",
				);
				GCC_PRECOMPILE_PREFIX_HEADER = YES;
				GCC_PREFIX_HEADER = "SpeakUp/Heya-Prefix.pch";
				INFOPLIST_FILE = "SpeakUp/Heya-Info.plist";
				IPHONEOS_DEPLOYMENT_TARGET = 8.2;
				LIBRARY_SEARCH_PATHS = (
					"$(inherited)",
					Library,
					"$(PROJECT_DIR)$(LOCAL_LIBRARY_DIR)",
				);
				PRODUCT_NAME = Heya;
				PROVISIONING_PROFILE = "";
				"PROVISIONING_PROFILE[sdk=iphoneos*]" = "";
				TARGETED_DEVICE_FAMILY = "1,2";
				WRAPPER_EXTENSION = app;
			};
			name = Debug;
		};
		8096A8C71636E80C0092F049 /* Release */ = {
			isa = XCBuildConfiguration;
			buildSettings = {
				ASSETCATALOG_COMPILER_APPICON_NAME = AppIcon;
				CODE_SIGN_IDENTITY = "iPhone Developer";
				"CODE_SIGN_IDENTITY[sdk=iphoneos*]" = "iPhone Developer";
				FRAMEWORK_SEARCH_PATHS = (
					"$(inherited)",
					"\"$(SRCROOT)/SpeakUp\"",
					"\"$(SRCROOT)/..\"",
					"\"$(SRCROOT)\"",
				);
				GCC_PRECOMPILE_PREFIX_HEADER = YES;
				GCC_PREFIX_HEADER = "SpeakUp/Heya-Prefix.pch";
				INFOPLIST_FILE = "SpeakUp/Heya-Info.plist";
				IPHONEOS_DEPLOYMENT_TARGET = 8.2;
				LIBRARY_SEARCH_PATHS = (
					"$(inherited)",
					Library,
					"$(PROJECT_DIR)$(LOCAL_LIBRARY_DIR)",
				);
				PRODUCT_NAME = Heya;
				PROVISIONING_PROFILE = "";
				"PROVISIONING_PROFILE[sdk=iphoneos*]" = "";
				TARGETED_DEVICE_FAMILY = "1,2";
				WRAPPER_EXTENSION = app;
			};
			name = Release;
		};
/* End XCBuildConfiguration section */

/* Begin XCConfigurationList section */
		8096A8A11636E80B0092F049 /* Build configuration list for PBXProject "Heya" */ = {
			isa = XCConfigurationList;
			buildConfigurations = (
				8096A8C31636E80C0092F049 /* Debug */,
				8096A8C41636E80C0092F049 /* Release */,
			);
			defaultConfigurationIsVisible = 0;
			defaultConfigurationName = Release;
		};
		8096A8C51636E80C0092F049 /* Build configuration list for PBXNativeTarget "Heya" */ = {
			isa = XCConfigurationList;
			buildConfigurations = (
				8096A8C61636E80C0092F049 /* Debug */,
				8096A8C71636E80C0092F049 /* Release */,
			);
			defaultConfigurationIsVisible = 0;
			defaultConfigurationName = Release;
		};
/* End XCConfigurationList section */
	};
	rootObject = 8096A89E1636E80B0092F049 /* Project object */;
}
